// !$*UTF8*$!
{
	archiveVersion = 1;
	classes = {
	};
	objectVersion = 51;
	objects = {

/* Begin PBXBuildFile section */
		0082BF849C473FC1C905B074 /* Pods_GuessTheCar.framework in Frameworks */ = {isa = PBXBuildFile; fileRef = EF96A2C27CD05CB477CA5652 /* Pods_GuessTheCar.framework */; };
		3A250D9B08281E172A125B4C /* Pods_GuessTheCarUITests.framework in Frameworks */ = {isa = PBXBuildFile; fileRef = 13D1B1D4F066C0D0AC1B6917 /* Pods_GuessTheCarUITests.framework */; };
		874DD8D622D22C4D004AF43B /* CustomChalkduster.ttf in Resources */ = {isa = PBXBuildFile; fileRef = 874DD8D522D22C4D004AF43B /* CustomChalkduster.ttf */; };
		87517A3F22CE034F00D5B0E4 /* Preferences.swift in Sources */ = {isa = PBXBuildFile; fileRef = 87517A3E22CE034F00D5B0E4 /* Preferences.swift */; };
		876691A622CF40E6008F8A7F /* StoreKit.framework in Frameworks */ = {isa = PBXBuildFile; fileRef = 876691A522CF40E6008F8A7F /* StoreKit.framework */; };
		87F8697722D0E90A00D76566 /* Audi 80.jpg in Resources */ = {isa = PBXBuildFile; fileRef = 87F8694322D0E90400D76566 /* Audi 80.jpg */; };
		87F8697822D0E90A00D76566 /* Hyundai Solaris.jpeg in Resources */ = {isa = PBXBuildFile; fileRef = 87F8694422D0E90400D76566 /* Hyundai Solaris.jpeg */; };
		87F8697922D0E90A00D76566 /* Dodge Challenger Hellcat.jpeg in Resources */ = {isa = PBXBuildFile; fileRef = 87F8694522D0E90400D76566 /* Dodge Challenger Hellcat.jpeg */; };
		87F8697A22D0E90A00D76566 /* Audi A6.jpeg in Resources */ = {isa = PBXBuildFile; fileRef = 87F8694622D0E90400D76566 /* Audi A6.jpeg */; };
		87F8697B22D0E90A00D76566 /* Saab 9-5.jpeg in Resources */ = {isa = PBXBuildFile; fileRef = 87F8694722D0E90400D76566 /* Saab 9-5.jpeg */; };
		87F8697C22D0E90A00D76566 /* Cherry Tiggo.jpeg in Resources */ = {isa = PBXBuildFile; fileRef = 87F8694822D0E90400D76566 /* Cherry Tiggo.jpeg */; };
		87F8697D22D0E90A00D76566 /* Bugatti Veyron.jpeg in Resources */ = {isa = PBXBuildFile; fileRef = 87F8694922D0E90500D76566 /* Bugatti Veyron.jpeg */; };
		87F8697E22D0E90A00D76566 /* Maserati Ghibli.jpeg in Resources */ = {isa = PBXBuildFile; fileRef = 87F8694A22D0E90500D76566 /* Maserati Ghibli.jpeg */; };
		87F8697F22D0E90A00D76566 /* Ferrari 360 Modena.jpeg in Resources */ = {isa = PBXBuildFile; fileRef = 87F8694B22D0E90500D76566 /* Ferrari 360 Modena.jpeg */; };
		87F8698022D0E90A00D76566 /* Infinity FX37.jpg in Resources */ = {isa = PBXBuildFile; fileRef = 87F8694C22D0E90500D76566 /* Infinity FX37.jpg */; };
		87F8698122D0E90A00D76566 /* McLaren 720S.jpg in Resources */ = {isa = PBXBuildFile; fileRef = 87F8694D22D0E90500D76566 /* McLaren 720S.jpg */; };
		87F8698222D0E90A00D76566 /* Kia Sportage.jpg in Resources */ = {isa = PBXBuildFile; fileRef = 87F8694E22D0E90500D76566 /* Kia Sportage.jpg */; };
		87F8698322D0E90A00D76566 /* Rolls-Royce Ghost.jpeg in Resources */ = {isa = PBXBuildFile; fileRef = 87F8694F22D0E90500D76566 /* Rolls-Royce Ghost.jpeg */; };
		87F8698422D0E90A00D76566 /* Hummer H2.jpeg in Resources */ = {isa = PBXBuildFile; fileRef = 87F8695022D0E90500D76566 /* Hummer H2.jpeg */; };
		87F8698522D0E90A00D76566 /* BMW 3-Series.jpg in Resources */ = {isa = PBXBuildFile; fileRef = 87F8695122D0E90500D76566 /* BMW 3-Series.jpg */; };
		87F8698622D0E90A00D76566 /* Porsche Macan.jpeg in Resources */ = {isa = PBXBuildFile; fileRef = 87F8695222D0E90500D76566 /* Porsche Macan.jpeg */; };
		87F8698722D0E90A00D76566 /* Audi A5.jpeg in Resources */ = {isa = PBXBuildFile; fileRef = 87F8695322D0E90500D76566 /* Audi A5.jpeg */; };
		87F8698822D0E90A00D76566 /* Mercedes-Benz CLS-Class.jpg in Resources */ = {isa = PBXBuildFile; fileRef = 87F8695422D0E90500D76566 /* Mercedes-Benz CLS-Class.jpg */; };
		87F8698922D0E90A00D76566 /* Renault Logan.jpeg in Resources */ = {isa = PBXBuildFile; fileRef = 87F8695522D0E90600D76566 /* Renault Logan.jpeg */; };
		87F8698A22D0E90A00D76566 /* Mercedes-Benz C-Class.jpeg in Resources */ = {isa = PBXBuildFile; fileRef = 87F8695622D0E90600D76566 /* Mercedes-Benz C-Class.jpeg */; };
		87F8698B22D0E90A00D76566 /* Chevrolete Tahoe.jpg in Resources */ = {isa = PBXBuildFile; fileRef = 87F8695722D0E90600D76566 /* Chevrolete Tahoe.jpg */; };
		87F8698C22D0E90A00D76566 /* Audi A8.jpeg in Resources */ = {isa = PBXBuildFile; fileRef = 87F8695822D0E90600D76566 /* Audi A8.jpeg */; };
		87F8698D22D0E90A00D76566 /* BMW X6 M.jpeg in Resources */ = {isa = PBXBuildFile; fileRef = 87F8695922D0E90600D76566 /* BMW X6 M.jpeg */; };
		87F8698E22D0E90A00D76566 /* Daewoo Matiz.jpeg in Resources */ = {isa = PBXBuildFile; fileRef = 87F8695A22D0E90600D76566 /* Daewoo Matiz.jpeg */; };
		87F8698F22D0E90A00D76566 /* Lamborghini Aventador.jpg in Resources */ = {isa = PBXBuildFile; fileRef = 87F8695B22D0E90600D76566 /* Lamborghini Aventador.jpg */; };
		87F8699022D0E90A00D76566 /* Mercedes-AMG G63.jpg in Resources */ = {isa = PBXBuildFile; fileRef = 87F8695C22D0E90600D76566 /* Mercedes-AMG G63.jpg */; };
		87F8699122D0E90A00D76566 /* Nissan GT-R.jpeg in Resources */ = {isa = PBXBuildFile; fileRef = 87F8695D22D0E90600D76566 /* Nissan GT-R.jpeg */; };
		87F8699222D0E90A00D76566 /* Ferrari 488 GTB.jpeg in Resources */ = {isa = PBXBuildFile; fileRef = 87F8695E22D0E90600D76566 /* Ferrari 488 GTB.jpeg */; };
		87F8699322D0E90A00D76566 /* Lada Vesta.jpeg in Resources */ = {isa = PBXBuildFile; fileRef = 87F8695F22D0E90600D76566 /* Lada Vesta.jpeg */; };
		87F8699422D0E90A00D76566 /* Fiat Punto.jpeg in Resources */ = {isa = PBXBuildFile; fileRef = 87F8696022D0E90700D76566 /* Fiat Punto.jpeg */; };
		87F8699522D0E90A00D76566 /* Lamborghini Urus.jpg in Resources */ = {isa = PBXBuildFile; fileRef = 87F8696122D0E90700D76566 /* Lamborghini Urus.jpg */; };
		87F8699622D0E90A00D76566 /* BMW M5 F90.jpeg in Resources */ = {isa = PBXBuildFile; fileRef = 87F8696222D0E90700D76566 /* BMW M5 F90.jpeg */; };
		87F8699722D0E90A00D76566 /* Audi Q8.jpeg in Resources */ = {isa = PBXBuildFile; fileRef = 87F8696322D0E90700D76566 /* Audi Q8.jpeg */; };
		87F8699822D0E90A00D76566 /* Ford GT.jpg in Resources */ = {isa = PBXBuildFile; fileRef = 87F8696422D0E90700D76566 /* Ford GT.jpg */; };
		87F8699922D0E90A00D76566 /* Opel Astra.jpeg in Resources */ = {isa = PBXBuildFile; fileRef = 87F8696522D0E90700D76566 /* Opel Astra.jpeg */; };
		87F8699A22D0E90A00D76566 /* BMW 5-Series E34.jpeg in Resources */ = {isa = PBXBuildFile; fileRef = 87F8696622D0E90800D76566 /* BMW 5-Series E34.jpeg */; };
		87F8699B22D0E90A00D76566 /* Subaru Outback.jpeg in Resources */ = {isa = PBXBuildFile; fileRef = 87F8696722D0E90800D76566 /* Subaru Outback.jpeg */; };
		87F8699C22D0E90A00D76566 /* Aston Martin DBS.jpeg in Resources */ = {isa = PBXBuildFile; fileRef = 87F8696822D0E90800D76566 /* Aston Martin DBS.jpeg */; };
		87F8699D22D0E90A00D76566 /* Audi TT.jpg in Resources */ = {isa = PBXBuildFile; fileRef = 87F8696922D0E90800D76566 /* Audi TT.jpg */; };
		87F8699E22D0E90A00D76566 /* Audi RS6 Avant.jpeg in Resources */ = {isa = PBXBuildFile; fileRef = 87F8696A22D0E90800D76566 /* Audi RS6 Avant.jpeg */; };
		87F8699F22D0E90A00D76566 /* Alfa-Romeo 8C.jpeg in Resources */ = {isa = PBXBuildFile; fileRef = 87F8696B22D0E90800D76566 /* Alfa-Romeo 8C.jpeg */; };
		87F869A022D0E90A00D76566 /* Chevrolete Corvette.jpeg in Resources */ = {isa = PBXBuildFile; fileRef = 87F8696C22D0E90800D76566 /* Chevrolete Corvette.jpeg */; };
		87F869A122D0E90A00D76566 /* Volvo V40.jpeg in Resources */ = {isa = PBXBuildFile; fileRef = 87F8696D22D0E90800D76566 /* Volvo V40.jpeg */; };
		87F869A222D0E90A00D76566 /* Ford Fiesta.jpeg in Resources */ = {isa = PBXBuildFile; fileRef = 87F8696E22D0E90900D76566 /* Ford Fiesta.jpeg */; };
		87F869A322D0E90A00D76566 /* Honda Accord.jpeg in Resources */ = {isa = PBXBuildFile; fileRef = 87F8696F22D0E90900D76566 /* Honda Accord.jpeg */; };
		87F869A422D0E90A00D76566 /* Ferrari 488 Pista.jpg in Resources */ = {isa = PBXBuildFile; fileRef = 87F8697022D0E90900D76566 /* Ferrari 488 Pista.jpg */; };
		87F869A522D0E90A00D76566 /* Suzuki Swift.jpeg in Resources */ = {isa = PBXBuildFile; fileRef = 87F8697122D0E90900D76566 /* Suzuki Swift.jpeg */; };
		87F869A622D0E90A00D76566 /* Lamborghini Gallardo.jpeg in Resources */ = {isa = PBXBuildFile; fileRef = 87F8697222D0E90900D76566 /* Lamborghini Gallardo.jpeg */; };
		87F869A722D0E90A00D76566 /* Opel Insignia.jpeg in Resources */ = {isa = PBXBuildFile; fileRef = 87F8697322D0E90900D76566 /* Opel Insignia.jpeg */; };
		87F869A822D0E90A00D76566 /* BMW M5 E60.jpeg in Resources */ = {isa = PBXBuildFile; fileRef = 87F8697422D0E90900D76566 /* BMW M5 E60.jpeg */; };
		87F869A922D0E90A00D76566 /* Infinity QX56.jpg in Resources */ = {isa = PBXBuildFile; fileRef = 87F8697522D0E90900D76566 /* Infinity QX56.jpg */; };
		87F869AA22D0E90A00D76566 /* Ford Focus RS.jpeg in Resources */ = {isa = PBXBuildFile; fileRef = 87F8697622D0E90A00D76566 /* Ford Focus RS.jpeg */; };
		A5165C1022060CF0005CC20D /* GameProcessViewController.swift in Sources */ = {isa = PBXBuildFile; fileRef = A5165C0F22060CF0005CC20D /* GameProcessViewController.swift */; };
		A527B0BC2280C1F000046C1F /* CarsList.plist in Resources */ = {isa = PBXBuildFile; fileRef = A527B0BB2280C1F000046C1F /* CarsList.plist */; };
		A527B0BE2280C20700046C1F /* Cars.plist in Resources */ = {isa = PBXBuildFile; fileRef = A527B0BD2280C20700046C1F /* Cars.plist */; };
		A530CD1A2247AD5900AB256C /* Scores.plist in Resources */ = {isa = PBXBuildFile; fileRef = A530CD192247AD5800AB256C /* Scores.plist */; };
		A53F656F2247B6530080298F /* ScoresViewController.swift in Sources */ = {isa = PBXBuildFile; fileRef = A53F656E2247B6530080298F /* ScoresViewController.swift */; };
		A5516191226B90AB00273E29 /* GuessTheCarUITests.swift in Sources */ = {isa = PBXBuildFile; fileRef = A5516190226B90AB00273E29 /* GuessTheCarUITests.swift */; };
		A551619F226B90BA00273E29 /* GuessTheCarTests.swift in Sources */ = {isa = PBXBuildFile; fileRef = A551619E226B90BA00273E29 /* GuessTheCarTests.swift */; };
		A557C6FF2219CBFC00E6BBA8 /* GameOverViewController.swift in Sources */ = {isa = PBXBuildFile; fileRef = A557C6FE2219CBFC00E6BBA8 /* GameOverViewController.swift */; };
		A561B73F2273917B003DCF52 /* CarsVariants.plist in Resources */ = {isa = PBXBuildFile; fileRef = A561B73E2273917B003DCF52 /* CarsVariants.plist */; };
		A56FB232222062C300EAFAA4 /* BackgroundSound.mp3 in Resources */ = {isa = PBXBuildFile; fileRef = A56FB231222062C300EAFAA4 /* BackgroundSound.mp3 */; };
		A56FB2352220630900EAFAA4 /* AVFoundation.framework in Frameworks */ = {isa = PBXBuildFile; fileRef = A56FB2342220630900EAFAA4 /* AVFoundation.framework */; };
		A56FB23922206ED700EAFAA4 /* Horn.wav in Resources */ = {isa = PBXBuildFile; fileRef = A56FB23822206ED700EAFAA4 /* Horn.wav */; };
		A583098C220479CC00326ABB /* AppDelegate.swift in Sources */ = {isa = PBXBuildFile; fileRef = A583098B220479CC00326ABB /* AppDelegate.swift */; };
		A583098E220479CC00326ABB /* ViewController.swift in Sources */ = {isa = PBXBuildFile; fileRef = A583098D220479CC00326ABB /* ViewController.swift */; };
		A5830991220479CC00326ABB /* Main.storyboard in Resources */ = {isa = PBXBuildFile; fileRef = A583098F220479CC00326ABB /* Main.storyboard */; };
		A5830996220479CD00326ABB /* LaunchScreen.storyboard in Resources */ = {isa = PBXBuildFile; fileRef = A5830994220479CD00326ABB /* LaunchScreen.storyboard */; };
		A5CF275222737AEE0055FAC5 /* Assets.xcassets in Resources */ = {isa = PBXBuildFile; fileRef = A5CF275122737AED0055FAC5 /* Assets.xcassets */; };
		A5F8E774223D87CA005B06E2 /* Correct.wav in Resources */ = {isa = PBXBuildFile; fileRef = A5F8E772223D87C9005B06E2 /* Correct.wav */; };
		A5F8E775223D87CA005B06E2 /* Wrong.wav in Resources */ = {isa = PBXBuildFile; fileRef = A5F8E773223D87CA005B06E2 /* Wrong.wav */; };
		A5FB461722356E5500F038C4 /* ScoresAPI.swift in Sources */ = {isa = PBXBuildFile; fileRef = A5FB461622356E5500F038C4 /* ScoresAPI.swift */; };
		FF4045A38568189BA5D1433F /* Pods_GuessTheCarTests.framework in Frameworks */ = {isa = PBXBuildFile; fileRef = 9D75BB9902EDDF983924C1D8 /* Pods_GuessTheCarTests.framework */; };
/* End PBXBuildFile section */

/* Begin PBXContainerItemProxy section */
		A5516193226B90AB00273E29 /* PBXContainerItemProxy */ = {
			isa = PBXContainerItemProxy;
			containerPortal = A5830980220479CC00326ABB /* Project object */;
			proxyType = 1;
			remoteGlobalIDString = A5830987220479CC00326ABB;
			remoteInfo = GuessTheCar;
		};
		A55161A1226B90BA00273E29 /* PBXContainerItemProxy */ = {
			isa = PBXContainerItemProxy;
			containerPortal = A5830980220479CC00326ABB /* Project object */;
			proxyType = 1;
			remoteGlobalIDString = A5830987220479CC00326ABB;
			remoteInfo = GuessTheCar;
		};
/* End PBXContainerItemProxy section */

/* Begin PBXFileReference section */
		0CC21D7160A517ADB9D02435 /* Pods-GuessTheCarTests.debug.xcconfig */ = {isa = PBXFileReference; includeInIndex = 1; lastKnownFileType = text.xcconfig; name = "Pods-GuessTheCarTests.debug.xcconfig"; path = "Target Support Files/Pods-GuessTheCarTests/Pods-GuessTheCarTests.debug.xcconfig"; sourceTree = "<group>"; };
		13D1B1D4F066C0D0AC1B6917 /* Pods_GuessTheCarUITests.framework */ = {isa = PBXFileReference; explicitFileType = wrapper.framework; includeInIndex = 0; path = Pods_GuessTheCarUITests.framework; sourceTree = BUILT_PRODUCTS_DIR; };
		54FFC71179DE265DE94AB8DF /* Pods-GuessTheCarTests.release.xcconfig */ = {isa = PBXFileReference; includeInIndex = 1; lastKnownFileType = text.xcconfig; name = "Pods-GuessTheCarTests.release.xcconfig"; path = "Target Support Files/Pods-GuessTheCarTests/Pods-GuessTheCarTests.release.xcconfig"; sourceTree = "<group>"; };
		874DD8D522D22C4D004AF43B /* CustomChalkduster.ttf */ = {isa = PBXFileReference; lastKnownFileType = file; path = CustomChalkduster.ttf; sourceTree = "<group>"; };
		87517A3E22CE034F00D5B0E4 /* Preferences.swift */ = {isa = PBXFileReference; lastKnownFileType = sourcecode.swift; path = Preferences.swift; sourceTree = "<group>"; };
		876691A522CF40E6008F8A7F /* StoreKit.framework */ = {isa = PBXFileReference; lastKnownFileType = wrapper.framework; name = StoreKit.framework; path = System/Library/Frameworks/StoreKit.framework; sourceTree = SDKROOT; };
		87F8694322D0E90400D76566 /* Audi 80.jpg */ = {isa = PBXFileReference; lastKnownFileType = image.jpeg; path = "Audi 80.jpg"; sourceTree = "<group>"; };
		87F8694422D0E90400D76566 /* Hyundai Solaris.jpeg */ = {isa = PBXFileReference; lastKnownFileType = image.jpeg; path = "Hyundai Solaris.jpeg"; sourceTree = "<group>"; };
		87F8694522D0E90400D76566 /* Dodge Challenger Hellcat.jpeg */ = {isa = PBXFileReference; lastKnownFileType = image.jpeg; path = "Dodge Challenger Hellcat.jpeg"; sourceTree = "<group>"; };
		87F8694622D0E90400D76566 /* Audi A6.jpeg */ = {isa = PBXFileReference; lastKnownFileType = image.jpeg; path = "Audi A6.jpeg"; sourceTree = "<group>"; };
		87F8694722D0E90400D76566 /* Saab 9-5.jpeg */ = {isa = PBXFileReference; lastKnownFileType = image.jpeg; path = "Saab 9-5.jpeg"; sourceTree = "<group>"; };
		87F8694822D0E90400D76566 /* Cherry Tiggo.jpeg */ = {isa = PBXFileReference; lastKnownFileType = image.jpeg; path = "Cherry Tiggo.jpeg"; sourceTree = "<group>"; };
		87F8694922D0E90500D76566 /* Bugatti Veyron.jpeg */ = {isa = PBXFileReference; lastKnownFileType = image.jpeg; path = "Bugatti Veyron.jpeg"; sourceTree = "<group>"; };
		87F8694A22D0E90500D76566 /* Maserati Ghibli.jpeg */ = {isa = PBXFileReference; lastKnownFileType = image.jpeg; path = "Maserati Ghibli.jpeg"; sourceTree = "<group>"; };
		87F8694B22D0E90500D76566 /* Ferrari 360 Modena.jpeg */ = {isa = PBXFileReference; lastKnownFileType = image.jpeg; path = "Ferrari 360 Modena.jpeg"; sourceTree = "<group>"; };
		87F8694C22D0E90500D76566 /* Infinity FX37.jpg */ = {isa = PBXFileReference; lastKnownFileType = image.jpeg; path = "Infinity FX37.jpg"; sourceTree = "<group>"; };
		87F8694D22D0E90500D76566 /* McLaren 720S.jpg */ = {isa = PBXFileReference; lastKnownFileType = image.jpeg; path = "McLaren 720S.jpg"; sourceTree = "<group>"; };
		87F8694E22D0E90500D76566 /* Kia Sportage.jpg */ = {isa = PBXFileReference; lastKnownFileType = image.jpeg; path = "Kia Sportage.jpg"; sourceTree = "<group>"; };
		87F8694F22D0E90500D76566 /* Rolls-Royce Ghost.jpeg */ = {isa = PBXFileReference; lastKnownFileType = image.jpeg; path = "Rolls-Royce Ghost.jpeg"; sourceTree = "<group>"; };
		87F8695022D0E90500D76566 /* Hummer H2.jpeg */ = {isa = PBXFileReference; lastKnownFileType = image.jpeg; path = "Hummer H2.jpeg"; sourceTree = "<group>"; };
		87F8695122D0E90500D76566 /* BMW 3-Series.jpg */ = {isa = PBXFileReference; lastKnownFileType = image.jpeg; path = "BMW 3-Series.jpg"; sourceTree = "<group>"; };
		87F8695222D0E90500D76566 /* Porsche Macan.jpeg */ = {isa = PBXFileReference; lastKnownFileType = image.jpeg; path = "Porsche Macan.jpeg"; sourceTree = "<group>"; };
		87F8695322D0E90500D76566 /* Audi A5.jpeg */ = {isa = PBXFileReference; lastKnownFileType = image.jpeg; path = "Audi A5.jpeg"; sourceTree = "<group>"; };
		87F8695422D0E90500D76566 /* Mercedes-Benz CLS-Class.jpg */ = {isa = PBXFileReference; lastKnownFileType = image.jpeg; path = "Mercedes-Benz CLS-Class.jpg"; sourceTree = "<group>"; };
		87F8695522D0E90600D76566 /* Renault Logan.jpeg */ = {isa = PBXFileReference; lastKnownFileType = image.jpeg; path = "Renault Logan.jpeg"; sourceTree = "<group>"; };
		87F8695622D0E90600D76566 /* Mercedes-Benz C-Class.jpeg */ = {isa = PBXFileReference; lastKnownFileType = image.jpeg; path = "Mercedes-Benz C-Class.jpeg"; sourceTree = "<group>"; };
		87F8695722D0E90600D76566 /* Chevrolete Tahoe.jpg */ = {isa = PBXFileReference; lastKnownFileType = image.jpeg; path = "Chevrolete Tahoe.jpg"; sourceTree = "<group>"; };
		87F8695822D0E90600D76566 /* Audi A8.jpeg */ = {isa = PBXFileReference; lastKnownFileType = image.jpeg; path = "Audi A8.jpeg"; sourceTree = "<group>"; };
		87F8695922D0E90600D76566 /* BMW X6 M.jpeg */ = {isa = PBXFileReference; lastKnownFileType = image.jpeg; path = "BMW X6 M.jpeg"; sourceTree = "<group>"; };
		87F8695A22D0E90600D76566 /* Daewoo Matiz.jpeg */ = {isa = PBXFileReference; lastKnownFileType = image.jpeg; path = "Daewoo Matiz.jpeg"; sourceTree = "<group>"; };
		87F8695B22D0E90600D76566 /* Lamborghini Aventador.jpg */ = {isa = PBXFileReference; lastKnownFileType = image.jpeg; path = "Lamborghini Aventador.jpg"; sourceTree = "<group>"; };
		87F8695C22D0E90600D76566 /* Mercedes-AMG G63.jpg */ = {isa = PBXFileReference; lastKnownFileType = image.jpeg; path = "Mercedes-AMG G63.jpg"; sourceTree = "<group>"; };
		87F8695D22D0E90600D76566 /* Nissan GT-R.jpeg */ = {isa = PBXFileReference; lastKnownFileType = image.jpeg; path = "Nissan GT-R.jpeg"; sourceTree = "<group>"; };
		87F8695E22D0E90600D76566 /* Ferrari 488 GTB.jpeg */ = {isa = PBXFileReference; lastKnownFileType = image.jpeg; path = "Ferrari 488 GTB.jpeg"; sourceTree = "<group>"; };
		87F8695F22D0E90600D76566 /* Lada Vesta.jpeg */ = {isa = PBXFileReference; lastKnownFileType = image.jpeg; path = "Lada Vesta.jpeg"; sourceTree = "<group>"; };
		87F8696022D0E90700D76566 /* Fiat Punto.jpeg */ = {isa = PBXFileReference; lastKnownFileType = image.jpeg; path = "Fiat Punto.jpeg"; sourceTree = "<group>"; };
		87F8696122D0E90700D76566 /* Lamborghini Urus.jpg */ = {isa = PBXFileReference; lastKnownFileType = image.jpeg; path = "Lamborghini Urus.jpg"; sourceTree = "<group>"; };
		87F8696222D0E90700D76566 /* BMW M5 F90.jpeg */ = {isa = PBXFileReference; lastKnownFileType = image.jpeg; path = "BMW M5 F90.jpeg"; sourceTree = "<group>"; };
		87F8696322D0E90700D76566 /* Audi Q8.jpeg */ = {isa = PBXFileReference; lastKnownFileType = image.jpeg; path = "Audi Q8.jpeg"; sourceTree = "<group>"; };
		87F8696422D0E90700D76566 /* Ford GT.jpg */ = {isa = PBXFileReference; lastKnownFileType = image.jpeg; path = "Ford GT.jpg"; sourceTree = "<group>"; };
		87F8696522D0E90700D76566 /* Opel Astra.jpeg */ = {isa = PBXFileReference; lastKnownFileType = image.jpeg; path = "Opel Astra.jpeg"; sourceTree = "<group>"; };
		87F8696622D0E90800D76566 /* BMW 5-Series E34.jpeg */ = {isa = PBXFileReference; lastKnownFileType = image.jpeg; path = "BMW 5-Series E34.jpeg"; sourceTree = "<group>"; };
		87F8696722D0E90800D76566 /* Subaru Outback.jpeg */ = {isa = PBXFileReference; lastKnownFileType = image.jpeg; path = "Subaru Outback.jpeg"; sourceTree = "<group>"; };
		87F8696822D0E90800D76566 /* Aston Martin DBS.jpeg */ = {isa = PBXFileReference; lastKnownFileType = image.jpeg; path = "Aston Martin DBS.jpeg"; sourceTree = "<group>"; };
		87F8696922D0E90800D76566 /* Audi TT.jpg */ = {isa = PBXFileReference; lastKnownFileType = image.jpeg; path = "Audi TT.jpg"; sourceTree = "<group>"; };
		87F8696A22D0E90800D76566 /* Audi RS6 Avant.jpeg */ = {isa = PBXFileReference; lastKnownFileType = image.jpeg; path = "Audi RS6 Avant.jpeg"; sourceTree = "<group>"; };
		87F8696B22D0E90800D76566 /* Alfa-Romeo 8C.jpeg */ = {isa = PBXFileReference; lastKnownFileType = image.jpeg; path = "Alfa-Romeo 8C.jpeg"; sourceTree = "<group>"; };
		87F8696C22D0E90800D76566 /* Chevrolete Corvette.jpeg */ = {isa = PBXFileReference; lastKnownFileType = image.jpeg; path = "Chevrolete Corvette.jpeg"; sourceTree = "<group>"; };
		87F8696D22D0E90800D76566 /* Volvo V40.jpeg */ = {isa = PBXFileReference; lastKnownFileType = image.jpeg; path = "Volvo V40.jpeg"; sourceTree = "<group>"; };
		87F8696E22D0E90900D76566 /* Ford Fiesta.jpeg */ = {isa = PBXFileReference; lastKnownFileType = image.jpeg; path = "Ford Fiesta.jpeg"; sourceTree = "<group>"; };
		87F8696F22D0E90900D76566 /* Honda Accord.jpeg */ = {isa = PBXFileReference; lastKnownFileType = image.jpeg; path = "Honda Accord.jpeg"; sourceTree = "<group>"; };
		87F8697022D0E90900D76566 /* Ferrari 488 Pista.jpg */ = {isa = PBXFileReference; lastKnownFileType = image.jpeg; path = "Ferrari 488 Pista.jpg"; sourceTree = "<group>"; };
		87F8697122D0E90900D76566 /* Suzuki Swift.jpeg */ = {isa = PBXFileReference; lastKnownFileType = image.jpeg; path = "Suzuki Swift.jpeg"; sourceTree = "<group>"; };
		87F8697222D0E90900D76566 /* Lamborghini Gallardo.jpeg */ = {isa = PBXFileReference; lastKnownFileType = image.jpeg; path = "Lamborghini Gallardo.jpeg"; sourceTree = "<group>"; };
		87F8697322D0E90900D76566 /* Opel Insignia.jpeg */ = {isa = PBXFileReference; lastKnownFileType = image.jpeg; path = "Opel Insignia.jpeg"; sourceTree = "<group>"; };
		87F8697422D0E90900D76566 /* BMW M5 E60.jpeg */ = {isa = PBXFileReference; lastKnownFileType = image.jpeg; path = "BMW M5 E60.jpeg"; sourceTree = "<group>"; };
		87F8697522D0E90900D76566 /* Infinity QX56.jpg */ = {isa = PBXFileReference; lastKnownFileType = image.jpeg; path = "Infinity QX56.jpg"; sourceTree = "<group>"; };
		87F8697622D0E90A00D76566 /* Ford Focus RS.jpeg */ = {isa = PBXFileReference; lastKnownFileType = image.jpeg; path = "Ford Focus RS.jpeg"; sourceTree = "<group>"; };
		9D75BB9902EDDF983924C1D8 /* Pods_GuessTheCarTests.framework */ = {isa = PBXFileReference; explicitFileType = wrapper.framework; includeInIndex = 0; path = Pods_GuessTheCarTests.framework; sourceTree = BUILT_PRODUCTS_DIR; };
		A5165C0F22060CF0005CC20D /* GameProcessViewController.swift */ = {isa = PBXFileReference; lastKnownFileType = sourcecode.swift; path = GameProcessViewController.swift; sourceTree = "<group>"; };
		A527B0BB2280C1F000046C1F /* CarsList.plist */ = {isa = PBXFileReference; lastKnownFileType = text.plist.xml; path = CarsList.plist; sourceTree = "<group>"; };
		A527B0BD2280C20700046C1F /* Cars.plist */ = {isa = PBXFileReference; lastKnownFileType = text.plist.xml; path = Cars.plist; sourceTree = "<group>"; };
		A530CD192247AD5800AB256C /* Scores.plist */ = {isa = PBXFileReference; fileEncoding = 4; lastKnownFileType = text.plist.xml; path = Scores.plist; sourceTree = "<group>"; };
		A53F656E2247B6530080298F /* ScoresViewController.swift */ = {isa = PBXFileReference; lastKnownFileType = sourcecode.swift; path = ScoresViewController.swift; sourceTree = "<group>"; };
		A551618E226B90AB00273E29 /* GuessTheCarUITests.xctest */ = {isa = PBXFileReference; explicitFileType = wrapper.cfbundle; includeInIndex = 0; path = GuessTheCarUITests.xctest; sourceTree = BUILT_PRODUCTS_DIR; };
		A5516190226B90AB00273E29 /* GuessTheCarUITests.swift */ = {isa = PBXFileReference; lastKnownFileType = sourcecode.swift; path = GuessTheCarUITests.swift; sourceTree = "<group>"; };
		A5516192226B90AB00273E29 /* Info.plist */ = {isa = PBXFileReference; lastKnownFileType = text.plist.xml; path = Info.plist; sourceTree = "<group>"; };
		A551619C226B90BA00273E29 /* GuessTheCarTests.xctest */ = {isa = PBXFileReference; explicitFileType = wrapper.cfbundle; includeInIndex = 0; path = GuessTheCarTests.xctest; sourceTree = BUILT_PRODUCTS_DIR; };
		A551619E226B90BA00273E29 /* GuessTheCarTests.swift */ = {isa = PBXFileReference; lastKnownFileType = sourcecode.swift; path = GuessTheCarTests.swift; sourceTree = "<group>"; };
		A55161A0226B90BA00273E29 /* Info.plist */ = {isa = PBXFileReference; lastKnownFileType = text.plist.xml; path = Info.plist; sourceTree = "<group>"; };
		A557C6FE2219CBFC00E6BBA8 /* GameOverViewController.swift */ = {isa = PBXFileReference; lastKnownFileType = sourcecode.swift; path = GameOverViewController.swift; sourceTree = "<group>"; };
		A561B73E2273917B003DCF52 /* CarsVariants.plist */ = {isa = PBXFileReference; lastKnownFileType = text.plist.xml; path = CarsVariants.plist; sourceTree = "<group>"; };
		A56FB231222062C300EAFAA4 /* BackgroundSound.mp3 */ = {isa = PBXFileReference; lastKnownFileType = audio.mp3; path = BackgroundSound.mp3; sourceTree = "<group>"; };
		A56FB2342220630900EAFAA4 /* AVFoundation.framework */ = {isa = PBXFileReference; lastKnownFileType = wrapper.framework; name = AVFoundation.framework; path = System/Library/Frameworks/AVFoundation.framework; sourceTree = SDKROOT; };
		A56FB23822206ED700EAFAA4 /* Horn.wav */ = {isa = PBXFileReference; lastKnownFileType = audio.wav; path = Horn.wav; sourceTree = "<group>"; };
		A5830988220479CC00326ABB /* GuessTheCar.app */ = {isa = PBXFileReference; explicitFileType = wrapper.application; includeInIndex = 0; path = GuessTheCar.app; sourceTree = BUILT_PRODUCTS_DIR; };
		A583098B220479CC00326ABB /* AppDelegate.swift */ = {isa = PBXFileReference; lastKnownFileType = sourcecode.swift; path = AppDelegate.swift; sourceTree = "<group>"; };
		A583098D220479CC00326ABB /* ViewController.swift */ = {isa = PBXFileReference; lastKnownFileType = sourcecode.swift; path = ViewController.swift; sourceTree = "<group>"; };
		A5830990220479CC00326ABB /* Base */ = {isa = PBXFileReference; lastKnownFileType = file.storyboard; name = Base; path = Base.lproj/Main.storyboard; sourceTree = "<group>"; };
		A5830995220479CD00326ABB /* Base */ = {isa = PBXFileReference; lastKnownFileType = file.storyboard; name = Base; path = Base.lproj/LaunchScreen.storyboard; sourceTree = "<group>"; };
		A5830997220479CD00326ABB /* Info.plist */ = {isa = PBXFileReference; lastKnownFileType = text.plist.xml; path = Info.plist; sourceTree = "<group>"; };
		A5CF275122737AED0055FAC5 /* Assets.xcassets */ = {isa = PBXFileReference; lastKnownFileType = folder.assetcatalog; path = Assets.xcassets; sourceTree = "<group>"; };
		A5F8E772223D87C9005B06E2 /* Correct.wav */ = {isa = PBXFileReference; lastKnownFileType = audio.wav; path = Correct.wav; sourceTree = "<group>"; };
		A5F8E773223D87CA005B06E2 /* Wrong.wav */ = {isa = PBXFileReference; lastKnownFileType = audio.wav; path = Wrong.wav; sourceTree = "<group>"; };
		A5FB461622356E5500F038C4 /* ScoresAPI.swift */ = {isa = PBXFileReference; lastKnownFileType = sourcecode.swift; path = ScoresAPI.swift; sourceTree = "<group>"; };
		E12746B601C073FF0860D316 /* Pods-GuessTheCarUITests.release.xcconfig */ = {isa = PBXFileReference; includeInIndex = 1; lastKnownFileType = text.xcconfig; name = "Pods-GuessTheCarUITests.release.xcconfig"; path = "Target Support Files/Pods-GuessTheCarUITests/Pods-GuessTheCarUITests.release.xcconfig"; sourceTree = "<group>"; };
		E1A051B59AD9100564F3717D /* Pods-GuessTheCar.release.xcconfig */ = {isa = PBXFileReference; includeInIndex = 1; lastKnownFileType = text.xcconfig; name = "Pods-GuessTheCar.release.xcconfig"; path = "Target Support Files/Pods-GuessTheCar/Pods-GuessTheCar.release.xcconfig"; sourceTree = "<group>"; };
		E8C4CA08D25B0F1F702002CB /* Pods-GuessTheCarUITests.debug.xcconfig */ = {isa = PBXFileReference; includeInIndex = 1; lastKnownFileType = text.xcconfig; name = "Pods-GuessTheCarUITests.debug.xcconfig"; path = "Target Support Files/Pods-GuessTheCarUITests/Pods-GuessTheCarUITests.debug.xcconfig"; sourceTree = "<group>"; };
		EF96A2C27CD05CB477CA5652 /* Pods_GuessTheCar.framework */ = {isa = PBXFileReference; explicitFileType = wrapper.framework; includeInIndex = 0; path = Pods_GuessTheCar.framework; sourceTree = BUILT_PRODUCTS_DIR; };
		F203CCAC6517ED1885A02FA5 /* Pods-GuessTheCar.debug.xcconfig */ = {isa = PBXFileReference; includeInIndex = 1; lastKnownFileType = text.xcconfig; name = "Pods-GuessTheCar.debug.xcconfig"; path = "Target Support Files/Pods-GuessTheCar/Pods-GuessTheCar.debug.xcconfig"; sourceTree = "<group>"; };
/* End PBXFileReference section */

/* Begin PBXFrameworksBuildPhase section */
		A551618B226B90AB00273E29 /* Frameworks */ = {
			isa = PBXFrameworksBuildPhase;
			buildActionMask = 2147483647;
			files = (
				3A250D9B08281E172A125B4C /* Pods_GuessTheCarUITests.framework in Frameworks */,
			);
			runOnlyForDeploymentPostprocessing = 0;
		};
		A5516199226B90BA00273E29 /* Frameworks */ = {
			isa = PBXFrameworksBuildPhase;
			buildActionMask = 2147483647;
			files = (
				FF4045A38568189BA5D1433F /* Pods_GuessTheCarTests.framework in Frameworks */,
			);
			runOnlyForDeploymentPostprocessing = 0;
		};
		A5830985220479CC00326ABB /* Frameworks */ = {
			isa = PBXFrameworksBuildPhase;
			buildActionMask = 2147483647;
			files = (
				876691A622CF40E6008F8A7F /* StoreKit.framework in Frameworks */,
				A56FB2352220630900EAFAA4 /* AVFoundation.framework in Frameworks */,
				0082BF849C473FC1C905B074 /* Pods_GuessTheCar.framework in Frameworks */,
			);
			runOnlyForDeploymentPostprocessing = 0;
		};
/* End PBXFrameworksBuildPhase section */

/* Begin PBXGroup section */
		03D3287028ACEF055E1507CB /* Pods */ = {
			isa = PBXGroup;
			children = (
				F203CCAC6517ED1885A02FA5 /* Pods-GuessTheCar.debug.xcconfig */,
				E1A051B59AD9100564F3717D /* Pods-GuessTheCar.release.xcconfig */,
				0CC21D7160A517ADB9D02435 /* Pods-GuessTheCarTests.debug.xcconfig */,
				54FFC71179DE265DE94AB8DF /* Pods-GuessTheCarTests.release.xcconfig */,
				E8C4CA08D25B0F1F702002CB /* Pods-GuessTheCarUITests.debug.xcconfig */,
				E12746B601C073FF0860D316 /* Pods-GuessTheCarUITests.release.xcconfig */,
			);
			path = Pods;
			sourceTree = "<group>";
		};
		874DD8D422D22C3E004AF43B /* Fonts */ = {
			isa = PBXGroup;
			children = (
				874DD8D522D22C4D004AF43B /* CustomChalkduster.ttf */,
			);
			path = Fonts;
			sourceTree = "<group>";
		};
		87F8694222D0E8ED00D76566 /* cars */ = {
			isa = PBXGroup;
			children = (
				87F8696B22D0E90800D76566 /* Alfa-Romeo 8C.jpeg */,
				87F8696822D0E90800D76566 /* Aston Martin DBS.jpeg */,
				87F8694322D0E90400D76566 /* Audi 80.jpg */,
				87F8695322D0E90500D76566 /* Audi A5.jpeg */,
				87F8694622D0E90400D76566 /* Audi A6.jpeg */,
				87F8695822D0E90600D76566 /* Audi A8.jpeg */,
				87F8696322D0E90700D76566 /* Audi Q8.jpeg */,
				87F8696A22D0E90800D76566 /* Audi RS6 Avant.jpeg */,
				87F8696922D0E90800D76566 /* Audi TT.jpg */,
				87F8695122D0E90500D76566 /* BMW 3-Series.jpg */,
				87F8696622D0E90800D76566 /* BMW 5-Series E34.jpeg */,
				87F8697422D0E90900D76566 /* BMW M5 E60.jpeg */,
				87F8696222D0E90700D76566 /* BMW M5 F90.jpeg */,
				87F8695922D0E90600D76566 /* BMW X6 M.jpeg */,
				87F8694922D0E90500D76566 /* Bugatti Veyron.jpeg */,
				87F8694822D0E90400D76566 /* Cherry Tiggo.jpeg */,
				87F8696C22D0E90800D76566 /* Chevrolete Corvette.jpeg */,
				87F8695722D0E90600D76566 /* Chevrolete Tahoe.jpg */,
				87F8695A22D0E90600D76566 /* Daewoo Matiz.jpeg */,
				87F8694522D0E90400D76566 /* Dodge Challenger Hellcat.jpeg */,
				87F8694B22D0E90500D76566 /* Ferrari 360 Modena.jpeg */,
				87F8695E22D0E90600D76566 /* Ferrari 488 GTB.jpeg */,
				87F8697022D0E90900D76566 /* Ferrari 488 Pista.jpg */,
				87F8696022D0E90700D76566 /* Fiat Punto.jpeg */,
				87F8696E22D0E90900D76566 /* Ford Fiesta.jpeg */,
				87F8697622D0E90A00D76566 /* Ford Focus RS.jpeg */,
				87F8696422D0E90700D76566 /* Ford GT.jpg */,
				87F8696F22D0E90900D76566 /* Honda Accord.jpeg */,
				87F8695022D0E90500D76566 /* Hummer H2.jpeg */,
				87F8694422D0E90400D76566 /* Hyundai Solaris.jpeg */,
				87F8694C22D0E90500D76566 /* Infinity FX37.jpg */,
				87F8697522D0E90900D76566 /* Infinity QX56.jpg */,
				87F8694E22D0E90500D76566 /* Kia Sportage.jpg */,
				87F8695F22D0E90600D76566 /* Lada Vesta.jpeg */,
				87F8695B22D0E90600D76566 /* Lamborghini Aventador.jpg */,
				87F8697222D0E90900D76566 /* Lamborghini Gallardo.jpeg */,
				87F8696122D0E90700D76566 /* Lamborghini Urus.jpg */,
				87F8694A22D0E90500D76566 /* Maserati Ghibli.jpeg */,
				87F8694D22D0E90500D76566 /* McLaren 720S.jpg */,
				87F8695C22D0E90600D76566 /* Mercedes-AMG G63.jpg */,
				87F8695622D0E90600D76566 /* Mercedes-Benz C-Class.jpeg */,
				87F8695422D0E90500D76566 /* Mercedes-Benz CLS-Class.jpg */,
				87F8695D22D0E90600D76566 /* Nissan GT-R.jpeg */,
				87F8696522D0E90700D76566 /* Opel Astra.jpeg */,
				87F8697322D0E90900D76566 /* Opel Insignia.jpeg */,
				87F8695222D0E90500D76566 /* Porsche Macan.jpeg */,
				87F8695522D0E90600D76566 /* Renault Logan.jpeg */,
				87F8694F22D0E90500D76566 /* Rolls-Royce Ghost.jpeg */,
				87F8694722D0E90400D76566 /* Saab 9-5.jpeg */,
				87F8696722D0E90800D76566 /* Subaru Outback.jpeg */,
				87F8697122D0E90900D76566 /* Suzuki Swift.jpeg */,
				87F8696D22D0E90800D76566 /* Volvo V40.jpeg */,
			);
			path = cars;
			sourceTree = "<group>";
		};
		A551618F226B90AB00273E29 /* GuessTheCarUITests */ = {
			isa = PBXGroup;
			children = (
				A5516190226B90AB00273E29 /* GuessTheCarUITests.swift */,
				A5516192226B90AB00273E29 /* Info.plist */,
			);
			path = GuessTheCarUITests;
			sourceTree = "<group>";
		};
		A551619D226B90BA00273E29 /* GuessTheCarTests */ = {
			isa = PBXGroup;
			children = (
				A551619E226B90BA00273E29 /* GuessTheCarTests.swift */,
				A55161A0226B90BA00273E29 /* Info.plist */,
			);
			path = GuessTheCarTests;
			sourceTree = "<group>";
		};
		A561B739227383C9003DCF52 /* Sounds */ = {
			isa = PBXGroup;
			children = (
				A56FB23822206ED700EAFAA4 /* Horn.wav */,
				A56FB231222062C300EAFAA4 /* BackgroundSound.mp3 */,
				A5F8E772223D87C9005B06E2 /* Correct.wav */,
				A5F8E773223D87CA005B06E2 /* Wrong.wav */,
			);
			path = Sounds;
			sourceTree = "<group>";
		};
		A56FB2332220630900EAFAA4 /* Frameworks */ = {
			isa = PBXGroup;
			children = (
				876691A522CF40E6008F8A7F /* StoreKit.framework */,
				A56FB2342220630900EAFAA4 /* AVFoundation.framework */,
				EF96A2C27CD05CB477CA5652 /* Pods_GuessTheCar.framework */,
				9D75BB9902EDDF983924C1D8 /* Pods_GuessTheCarTests.framework */,
				13D1B1D4F066C0D0AC1B6917 /* Pods_GuessTheCarUITests.framework */,
			);
			name = Frameworks;
			sourceTree = "<group>";
		};
		A583097F220479CC00326ABB = {
			isa = PBXGroup;
			children = (
				A583098A220479CC00326ABB /* GuessTheCar */,
				A551618F226B90AB00273E29 /* GuessTheCarUITests */,
				A551619D226B90BA00273E29 /* GuessTheCarTests */,
				A5830989220479CC00326ABB /* Products */,
				A56FB2332220630900EAFAA4 /* Frameworks */,
				03D3287028ACEF055E1507CB /* Pods */,
			);
			sourceTree = "<group>";
		};
		A5830989220479CC00326ABB /* Products */ = {
			isa = PBXGroup;
			children = (
				A5830988220479CC00326ABB /* GuessTheCar.app */,
				A551618E226B90AB00273E29 /* GuessTheCarUITests.xctest */,
				A551619C226B90BA00273E29 /* GuessTheCarTests.xctest */,
			);
			name = Products;
			sourceTree = "<group>";
		};
		A583098A220479CC00326ABB /* GuessTheCar */ = {
			isa = PBXGroup;
			children = (
				87F8694222D0E8ED00D76566 /* cars */,
				A561B739227383C9003DCF52 /* Sounds */,
				A5CF275122737AED0055FAC5 /* Assets.xcassets */,
				A583098B220479CC00326ABB /* AppDelegate.swift */,
				874DD8D422D22C3E004AF43B /* Fonts */,
				A583098D220479CC00326ABB /* ViewController.swift */,
				A5165C0F22060CF0005CC20D /* GameProcessViewController.swift */,
				A557C6FE2219CBFC00E6BBA8 /* GameOverViewController.swift */,
				A53F656E2247B6530080298F /* ScoresViewController.swift */,
				A5FB461622356E5500F038C4 /* ScoresAPI.swift */,
				87517A3E22CE034F00D5B0E4 /* Preferences.swift */,
				A583098F220479CC00326ABB /* Main.storyboard */,
				A5830994220479CD00326ABB /* LaunchScreen.storyboard */,
				A5830997220479CD00326ABB /* Info.plist */,
				A530CD192247AD5800AB256C /* Scores.plist */,
				A561B73E2273917B003DCF52 /* CarsVariants.plist */,
				A527B0BB2280C1F000046C1F /* CarsList.plist */,
				A527B0BD2280C20700046C1F /* Cars.plist */,
			);
			path = GuessTheCar;
			sourceTree = "<group>";
		};
/* End PBXGroup section */

/* Begin PBXNativeTarget section */
		A551618D226B90AB00273E29 /* GuessTheCarUITests */ = {
			isa = PBXNativeTarget;
			buildConfigurationList = A5516197226B90AB00273E29 /* Build configuration list for PBXNativeTarget "GuessTheCarUITests" */;
			buildPhases = (
				0A5DA8F77B037CC8D04F09B1 /* [CP] Check Pods Manifest.lock */,
				A551618A226B90AB00273E29 /* Sources */,
				A551618B226B90AB00273E29 /* Frameworks */,
				A551618C226B90AB00273E29 /* Resources */,
			);
			buildRules = (
			);
			dependencies = (
				A5516194226B90AB00273E29 /* PBXTargetDependency */,
			);
			name = GuessTheCarUITests;
			productName = GuessTheCarUITests;
			productReference = A551618E226B90AB00273E29 /* GuessTheCarUITests.xctest */;
			productType = "com.apple.product-type.bundle.ui-testing";
		};
		A551619B226B90BA00273E29 /* GuessTheCarTests */ = {
			isa = PBXNativeTarget;
			buildConfigurationList = A55161A3226B90BA00273E29 /* Build configuration list for PBXNativeTarget "GuessTheCarTests" */;
			buildPhases = (
				1A53A522D5C7CE82A4578577 /* [CP] Check Pods Manifest.lock */,
				A5516198226B90BA00273E29 /* Sources */,
				A5516199226B90BA00273E29 /* Frameworks */,
				A551619A226B90BA00273E29 /* Resources */,
			);
			buildRules = (
			);
			dependencies = (
				A55161A2226B90BA00273E29 /* PBXTargetDependency */,
			);
			name = GuessTheCarTests;
			productName = GuessTheCarTests;
			productReference = A551619C226B90BA00273E29 /* GuessTheCarTests.xctest */;
			productType = "com.apple.product-type.bundle.unit-test";
		};
		A5830987220479CC00326ABB /* GuessTheCar */ = {
			isa = PBXNativeTarget;
			buildConfigurationList = A583099A220479CD00326ABB /* Build configuration list for PBXNativeTarget "GuessTheCar" */;
			buildPhases = (
				5845FB2B568D2E4632E2A446 /* [CP] Check Pods Manifest.lock */,
				A5830984220479CC00326ABB /* Sources */,
				A5830985220479CC00326ABB /* Frameworks */,
				A5830986220479CC00326ABB /* Resources */,
				A53AA2612227EF06006E047B /* ShellScript */,
				9C7F7427A918E87411435D52 /* [CP] Embed Pods Frameworks */,
			);
			buildRules = (
			);
			dependencies = (
			);
			name = GuessTheCar;
			productName = GuessTheCar;
			productReference = A5830988220479CC00326ABB /* GuessTheCar.app */;
			productType = "com.apple.product-type.application";
		};
/* End PBXNativeTarget section */

/* Begin PBXProject section */
		A5830980220479CC00326ABB /* Project object */ = {
			isa = PBXProject;
			attributes = {
				LastSwiftUpdateCheck = 1020;
				LastUpgradeCheck = 1010;
				ORGANIZATIONNAME = "сергей";
				TargetAttributes = {
					A551618D226B90AB00273E29 = {
						CreatedOnToolsVersion = 10.2.1;
						TestTargetID = A5830987220479CC00326ABB;
					};
					A551619B226B90BA00273E29 = {
						CreatedOnToolsVersion = 10.2.1;
						TestTargetID = A5830987220479CC00326ABB;
					};
					A5830987220479CC00326ABB = {
						CreatedOnToolsVersion = 10.1;
						LastSwiftMigration = 1020;
						SystemCapabilities = {
							com.apple.InAppPurchase = {
								enabled = 1;
							};
						};
					};
				};
			};
			buildConfigurationList = A5830983220479CC00326ABB /* Build configuration list for PBXProject "GuessTheCar" */;
			compatibilityVersion = "Xcode 9.3";
			developmentRegion = en;
			hasScannedForEncodings = 0;
			knownRegions = (
				en,
				Base,
			);
			mainGroup = A583097F220479CC00326ABB;
			productRefGroup = A5830989220479CC00326ABB /* Products */;
			projectDirPath = "";
			projectRoot = "";
			targets = (
				A5830987220479CC00326ABB /* GuessTheCar */,
				A551618D226B90AB00273E29 /* GuessTheCarUITests */,
				A551619B226B90BA00273E29 /* GuessTheCarTests */,
			);
		};
/* End PBXProject section */

/* Begin PBXResourcesBuildPhase section */
		A551618C226B90AB00273E29 /* Resources */ = {
			isa = PBXResourcesBuildPhase;
			buildActionMask = 2147483647;
			files = (
			);
			runOnlyForDeploymentPostprocessing = 0;
		};
		A551619A226B90BA00273E29 /* Resources */ = {
			isa = PBXResourcesBuildPhase;
			buildActionMask = 2147483647;
			files = (
			);
			runOnlyForDeploymentPostprocessing = 0;
		};
		A5830986220479CC00326ABB /* Resources */ = {
			isa = PBXResourcesBuildPhase;
			buildActionMask = 2147483647;
			files = (
				87F8698F22D0E90A00D76566 /* Lamborghini Aventador.jpg in Resources */,
				A5830996220479CD00326ABB /* LaunchScreen.storyboard in Resources */,
				87F8699722D0E90A00D76566 /* Audi Q8.jpeg in Resources */,
				87F8699122D0E90A00D76566 /* Nissan GT-R.jpeg in Resources */,
				87F8699522D0E90A00D76566 /* Lamborghini Urus.jpg in Resources */,
				874DD8D622D22C4D004AF43B /* CustomChalkduster.ttf in Resources */,
				87F8697E22D0E90A00D76566 /* Maserati Ghibli.jpeg in Resources */,
				87F869A822D0E90A00D76566 /* BMW M5 E60.jpeg in Resources */,
				87F8697822D0E90A00D76566 /* Hyundai Solaris.jpeg in Resources */,
				87F869A622D0E90A00D76566 /* Lamborghini Gallardo.jpeg in Resources */,
				A527B0BC2280C1F000046C1F /* CarsList.plist in Resources */,
				87F8698022D0E90A00D76566 /* Infinity FX37.jpg in Resources */,
				87F869A022D0E90A00D76566 /* Chevrolete Corvette.jpeg in Resources */,
				87F8697D22D0E90A00D76566 /* Bugatti Veyron.jpeg in Resources */,
				A561B73F2273917B003DCF52 /* CarsVariants.plist in Resources */,
				87F8697F22D0E90A00D76566 /* Ferrari 360 Modena.jpeg in Resources */,
				87F869A322D0E90A00D76566 /* Honda Accord.jpeg in Resources */,
				87F8699022D0E90A00D76566 /* Mercedes-AMG G63.jpg in Resources */,
				A56FB23922206ED700EAFAA4 /* Horn.wav in Resources */,
				87F8699822D0E90A00D76566 /* Ford GT.jpg in Resources */,
				87F8699E22D0E90A00D76566 /* Audi RS6 Avant.jpeg in Resources */,
				A5F8E775223D87CA005B06E2 /* Wrong.wav in Resources */,
				87F8698922D0E90A00D76566 /* Renault Logan.jpeg in Resources */,
				87F869AA22D0E90A00D76566 /* Ford Focus RS.jpeg in Resources */,
				87F8697C22D0E90A00D76566 /* Cherry Tiggo.jpeg in Resources */,
				87F8698822D0E90A00D76566 /* Mercedes-Benz CLS-Class.jpg in Resources */,
				87F8699F22D0E90A00D76566 /* Alfa-Romeo 8C.jpeg in Resources */,
				87F8698B22D0E90A00D76566 /* Chevrolete Tahoe.jpg in Resources */,
				87F8699322D0E90A00D76566 /* Lada Vesta.jpeg in Resources */,
				87F869A922D0E90A00D76566 /* Infinity QX56.jpg in Resources */,
				87F869A522D0E90A00D76566 /* Suzuki Swift.jpeg in Resources */,
				A56FB232222062C300EAFAA4 /* BackgroundSound.mp3 in Resources */,
				87F8697722D0E90A00D76566 /* Audi 80.jpg in Resources */,
				87F869A222D0E90A00D76566 /* Ford Fiesta.jpeg in Resources */,
				87F8699A22D0E90A00D76566 /* BMW 5-Series E34.jpeg in Resources */,
				87F869A722D0E90A00D76566 /* Opel Insignia.jpeg in Resources */,
				87F8699222D0E90A00D76566 /* Ferrari 488 GTB.jpeg in Resources */,
				87F8698E22D0E90A00D76566 /* Daewoo Matiz.jpeg in Resources */,
				87F8698422D0E90A00D76566 /* Hummer H2.jpeg in Resources */,
				A530CD1A2247AD5900AB256C /* Scores.plist in Resources */,
				87F8697A22D0E90A00D76566 /* Audi A6.jpeg in Resources */,
				A527B0BE2280C20700046C1F /* Cars.plist in Resources */,
				87F8698222D0E90A00D76566 /* Kia Sportage.jpg in Resources */,
				A5830991220479CC00326ABB /* Main.storyboard in Resources */,
				87F8698322D0E90A00D76566 /* Rolls-Royce Ghost.jpeg in Resources */,
				A5CF275222737AEE0055FAC5 /* Assets.xcassets in Resources */,
				87F8698A22D0E90A00D76566 /* Mercedes-Benz C-Class.jpeg in Resources */,
				87F8699922D0E90A00D76566 /* Opel Astra.jpeg in Resources */,
				87F8697922D0E90A00D76566 /* Dodge Challenger Hellcat.jpeg in Resources */,
				87F8699422D0E90A00D76566 /* Fiat Punto.jpeg in Resources */,
				87F869A422D0E90A00D76566 /* Ferrari 488 Pista.jpg in Resources */,
				87F8698522D0E90A00D76566 /* BMW 3-Series.jpg in Resources */,
				A5F8E774223D87CA005B06E2 /* Correct.wav in Resources */,
				87F8698722D0E90A00D76566 /* Audi A5.jpeg in Resources */,
				87F8698122D0E90A00D76566 /* McLaren 720S.jpg in Resources */,
				87F8698622D0E90A00D76566 /* Porsche Macan.jpeg in Resources */,
				87F8698C22D0E90A00D76566 /* Audi A8.jpeg in Resources */,
				87F869A122D0E90A00D76566 /* Volvo V40.jpeg in Resources */,
				87F8698D22D0E90A00D76566 /* BMW X6 M.jpeg in Resources */,
				87F8699622D0E90A00D76566 /* BMW M5 F90.jpeg in Resources */,
				87F8697B22D0E90A00D76566 /* Saab 9-5.jpeg in Resources */,
				87F8699C22D0E90A00D76566 /* Aston Martin DBS.jpeg in Resources */,
				87F8699D22D0E90A00D76566 /* Audi TT.jpg in Resources */,
				87F8699B22D0E90A00D76566 /* Subaru Outback.jpeg in Resources */,
			);
			runOnlyForDeploymentPostprocessing = 0;
		};
/* End PBXResourcesBuildPhase section */

/* Begin PBXShellScriptBuildPhase section */
		0A5DA8F77B037CC8D04F09B1 /* [CP] Check Pods Manifest.lock */ = {
			isa = PBXShellScriptBuildPhase;
			buildActionMask = 2147483647;
			files = (
			);
			inputFileListPaths = (
			);
			inputPaths = (
				"${PODS_PODFILE_DIR_PATH}/Podfile.lock",
				"${PODS_ROOT}/Manifest.lock",
			);
			name = "[CP] Check Pods Manifest.lock";
			outputFileListPaths = (
			);
			outputPaths = (
				"$(DERIVED_FILE_DIR)/Pods-GuessTheCarUITests-checkManifestLockResult.txt",
			);
			runOnlyForDeploymentPostprocessing = 0;
			shellPath = /bin/sh;
			shellScript = "diff \"${PODS_PODFILE_DIR_PATH}/Podfile.lock\" \"${PODS_ROOT}/Manifest.lock\" > /dev/null\nif [ $? != 0 ] ; then\n    # print error to STDERR\n    echo \"error: The sandbox is not in sync with the Podfile.lock. Run 'pod install' or update your CocoaPods installation.\" >&2\n    exit 1\nfi\n# This output is used by Xcode 'outputs' to avoid re-running this script phase.\necho \"SUCCESS\" > \"${SCRIPT_OUTPUT_FILE_0}\"\n";
			showEnvVarsInLog = 0;
		};
		1A53A522D5C7CE82A4578577 /* [CP] Check Pods Manifest.lock */ = {
			isa = PBXShellScriptBuildPhase;
			buildActionMask = 2147483647;
			files = (
			);
			inputFileListPaths = (
			);
			inputPaths = (
				"${PODS_PODFILE_DIR_PATH}/Podfile.lock",
				"${PODS_ROOT}/Manifest.lock",
			);
			name = "[CP] Check Pods Manifest.lock";
			outputFileListPaths = (
			);
			outputPaths = (
				"$(DERIVED_FILE_DIR)/Pods-GuessTheCarTests-checkManifestLockResult.txt",
			);
			runOnlyForDeploymentPostprocessing = 0;
			shellPath = /bin/sh;
			shellScript = "diff \"${PODS_PODFILE_DIR_PATH}/Podfile.lock\" \"${PODS_ROOT}/Manifest.lock\" > /dev/null\nif [ $? != 0 ] ; then\n    # print error to STDERR\n    echo \"error: The sandbox is not in sync with the Podfile.lock. Run 'pod install' or update your CocoaPods installation.\" >&2\n    exit 1\nfi\n# This output is used by Xcode 'outputs' to avoid re-running this script phase.\necho \"SUCCESS\" > \"${SCRIPT_OUTPUT_FILE_0}\"\n";
			showEnvVarsInLog = 0;
		};
		5845FB2B568D2E4632E2A446 /* [CP] Check Pods Manifest.lock */ = {
			isa = PBXShellScriptBuildPhase;
			buildActionMask = 2147483647;
			files = (
			);
			inputFileListPaths = (
			);
			inputPaths = (
				"${PODS_PODFILE_DIR_PATH}/Podfile.lock",
				"${PODS_ROOT}/Manifest.lock",
			);
			name = "[CP] Check Pods Manifest.lock";
			outputFileListPaths = (
			);
			outputPaths = (
				"$(DERIVED_FILE_DIR)/Pods-GuessTheCar-checkManifestLockResult.txt",
			);
			runOnlyForDeploymentPostprocessing = 0;
			shellPath = /bin/sh;
			shellScript = "diff \"${PODS_PODFILE_DIR_PATH}/Podfile.lock\" \"${PODS_ROOT}/Manifest.lock\" > /dev/null\nif [ $? != 0 ] ; then\n    # print error to STDERR\n    echo \"error: The sandbox is not in sync with the Podfile.lock. Run 'pod install' or update your CocoaPods installation.\" >&2\n    exit 1\nfi\n# This output is used by Xcode 'outputs' to avoid re-running this script phase.\necho \"SUCCESS\" > \"${SCRIPT_OUTPUT_FILE_0}\"\n";
			showEnvVarsInLog = 0;
		};
		9C7F7427A918E87411435D52 /* [CP] Embed Pods Frameworks */ = {
			isa = PBXShellScriptBuildPhase;
			buildActionMask = 2147483647;
			files = (
			);
			inputFileListPaths = (
				"${PODS_ROOT}/Target Support Files/Pods-GuessTheCar/Pods-GuessTheCar-frameworks-${CONFIGURATION}-input-files.xcfilelist",
			);
			name = "[CP] Embed Pods Frameworks";
			outputFileListPaths = (
				"${PODS_ROOT}/Target Support Files/Pods-GuessTheCar/Pods-GuessTheCar-frameworks-${CONFIGURATION}-output-files.xcfilelist",
			);
			runOnlyForDeploymentPostprocessing = 0;
			shellPath = /bin/sh;
			shellScript = "\"${PODS_ROOT}/Target Support Files/Pods-GuessTheCar/Pods-GuessTheCar-frameworks.sh\"\n";
			showEnvVarsInLog = 0;
		};
		A53AA2612227EF06006E047B /* ShellScript */ = {
			isa = PBXShellScriptBuildPhase;
			buildActionMask = 2147483647;
			files = (
			);
			inputFileListPaths = (
			);
			inputPaths = (
			);
			outputFileListPaths = (
			);
			outputPaths = (
			);
			runOnlyForDeploymentPostprocessing = 0;
			shellPath = /bin/sh;
			shellScript = "# Type a script or drag a script file from your workspace to insert its path.\n\n";
		};
/* End PBXShellScriptBuildPhase section */

/* Begin PBXSourcesBuildPhase section */
		A551618A226B90AB00273E29 /* Sources */ = {
			isa = PBXSourcesBuildPhase;
			buildActionMask = 2147483647;
			files = (
				A5516191226B90AB00273E29 /* GuessTheCarUITests.swift in Sources */,
			);
			runOnlyForDeploymentPostprocessing = 0;
		};
		A5516198226B90BA00273E29 /* Sources */ = {
			isa = PBXSourcesBuildPhase;
			buildActionMask = 2147483647;
			files = (
				A551619F226B90BA00273E29 /* GuessTheCarTests.swift in Sources */,
			);
			runOnlyForDeploymentPostprocessing = 0;
		};
		A5830984220479CC00326ABB /* Sources */ = {
			isa = PBXSourcesBuildPhase;
			buildActionMask = 2147483647;
			files = (
				A557C6FF2219CBFC00E6BBA8 /* GameOverViewController.swift in Sources */,
				87517A3F22CE034F00D5B0E4 /* Preferences.swift in Sources */,
				A5FB461722356E5500F038C4 /* ScoresAPI.swift in Sources */,
				A53F656F2247B6530080298F /* ScoresViewController.swift in Sources */,
				A5165C1022060CF0005CC20D /* GameProcessViewController.swift in Sources */,
				A583098E220479CC00326ABB /* ViewController.swift in Sources */,
				A583098C220479CC00326ABB /* AppDelegate.swift in Sources */,
			);
			runOnlyForDeploymentPostprocessing = 0;
		};
/* End PBXSourcesBuildPhase section */

/* Begin PBXTargetDependency section */
		A5516194226B90AB00273E29 /* PBXTargetDependency */ = {
			isa = PBXTargetDependency;
			target = A5830987220479CC00326ABB /* GuessTheCar */;
			targetProxy = A5516193226B90AB00273E29 /* PBXContainerItemProxy */;
		};
		A55161A2226B90BA00273E29 /* PBXTargetDependency */ = {
			isa = PBXTargetDependency;
			target = A5830987220479CC00326ABB /* GuessTheCar */;
			targetProxy = A55161A1226B90BA00273E29 /* PBXContainerItemProxy */;
		};
/* End PBXTargetDependency section */

/* Begin PBXVariantGroup section */
		A583098F220479CC00326ABB /* Main.storyboard */ = {
			isa = PBXVariantGroup;
			children = (
				A5830990220479CC00326ABB /* Base */,
			);
			name = Main.storyboard;
			sourceTree = "<group>";
		};
		A5830994220479CD00326ABB /* LaunchScreen.storyboard */ = {
			isa = PBXVariantGroup;
			children = (
				A5830995220479CD00326ABB /* Base */,
			);
			name = LaunchScreen.storyboard;
			sourceTree = "<group>";
		};
/* End PBXVariantGroup section */

/* Begin XCBuildConfiguration section */
		A5516195226B90AB00273E29 /* Debug */ = {
			isa = XCBuildConfiguration;
			baseConfigurationReference = E8C4CA08D25B0F1F702002CB /* Pods-GuessTheCarUITests.debug.xcconfig */;
			buildSettings = {
				CODE_SIGN_STYLE = Automatic;
				DEVELOPMENT_TEAM = 9CSPGX38AJ;
				INFOPLIST_FILE = GuessTheCarUITests/Info.plist;
				IPHONEOS_DEPLOYMENT_TARGET = 12.2;
				LD_RUNPATH_SEARCH_PATHS = (
					"$(inherited)",
					"@executable_path/Frameworks",
					"@loader_path/Frameworks",
				);
				PRODUCT_BUNDLE_IDENTIFIER = com.test..GuessTheCarUITests;
				PRODUCT_NAME = "$(TARGET_NAME)";
				SWIFT_VERSION = 5.0;
				TARGETED_DEVICE_FAMILY = "1,2";
				TEST_TARGET_NAME = GuessTheCar;
			};
			name = Debug;
		};
		A5516196226B90AB00273E29 /* Release */ = {
			isa = XCBuildConfiguration;
			baseConfigurationReference = E12746B601C073FF0860D316 /* Pods-GuessTheCarUITests.release.xcconfig */;
			buildSettings = {
				CODE_SIGN_STYLE = Automatic;
				DEVELOPMENT_TEAM = 9CSPGX38AJ;
				INFOPLIST_FILE = GuessTheCarUITests/Info.plist;
				IPHONEOS_DEPLOYMENT_TARGET = 12.2;
				LD_RUNPATH_SEARCH_PATHS = (
					"$(inherited)",
					"@executable_path/Frameworks",
					"@loader_path/Frameworks",
				);
				PRODUCT_BUNDLE_IDENTIFIER = com.test..GuessTheCarUITests;
				PRODUCT_NAME = "$(TARGET_NAME)";
				SWIFT_VERSION = 5.0;
				TARGETED_DEVICE_FAMILY = "1,2";
				TEST_TARGET_NAME = GuessTheCar;
			};
			name = Release;
		};
		A55161A4226B90BA00273E29 /* Debug */ = {
			isa = XCBuildConfiguration;
			baseConfigurationReference = 0CC21D7160A517ADB9D02435 /* Pods-GuessTheCarTests.debug.xcconfig */;
			buildSettings = {
				BUNDLE_LOADER = "$(TEST_HOST)";
				CODE_SIGN_STYLE = Automatic;
				DEVELOPMENT_TEAM = 9CSPGX38AJ;
				INFOPLIST_FILE = GuessTheCarTests/Info.plist;
				IPHONEOS_DEPLOYMENT_TARGET = 12.2;
				LD_RUNPATH_SEARCH_PATHS = (
					"$(inherited)",
					"@executable_path/Frameworks",
					"@loader_path/Frameworks",
				);
				PRODUCT_BUNDLE_IDENTIFIER = com.test..GuessTheCarTests;
				PRODUCT_NAME = "$(TARGET_NAME)";
				SWIFT_VERSION = 5.0;
				TARGETED_DEVICE_FAMILY = "1,2";
				TEST_HOST = "$(BUILT_PRODUCTS_DIR)/GuessTheCar.app/GuessTheCar";
			};
			name = Debug;
		};
		A55161A5226B90BA00273E29 /* Release */ = {
			isa = XCBuildConfiguration;
			baseConfigurationReference = 54FFC71179DE265DE94AB8DF /* Pods-GuessTheCarTests.release.xcconfig */;
			buildSettings = {
				BUNDLE_LOADER = "$(TEST_HOST)";
				CODE_SIGN_STYLE = Automatic;
				DEVELOPMENT_TEAM = 9CSPGX38AJ;
				INFOPLIST_FILE = GuessTheCarTests/Info.plist;
				IPHONEOS_DEPLOYMENT_TARGET = 12.2;
				LD_RUNPATH_SEARCH_PATHS = (
					"$(inherited)",
					"@executable_path/Frameworks",
					"@loader_path/Frameworks",
				);
				PRODUCT_BUNDLE_IDENTIFIER = com.test..GuessTheCarTests;
				PRODUCT_NAME = "$(TARGET_NAME)";
				SWIFT_VERSION = 5.0;
				TARGETED_DEVICE_FAMILY = "1,2";
				TEST_HOST = "$(BUILT_PRODUCTS_DIR)/GuessTheCar.app/GuessTheCar";
			};
			name = Release;
		};
		A5830998220479CD00326ABB /* Debug */ = {
			isa = XCBuildConfiguration;
			buildSettings = {
				ALWAYS_SEARCH_USER_PATHS = NO;
				CLANG_ANALYZER_NONNULL = YES;
				CLANG_ANALYZER_NUMBER_OBJECT_CONVERSION = YES_AGGRESSIVE;
				CLANG_CXX_LANGUAGE_STANDARD = "gnu++14";
				CLANG_CXX_LIBRARY = "libc++";
				CLANG_ENABLE_MODULES = YES;
				CLANG_ENABLE_OBJC_ARC = YES;
				CLANG_ENABLE_OBJC_WEAK = YES;
				CLANG_WARN_BLOCK_CAPTURE_AUTORELEASING = YES;
				CLANG_WARN_BOOL_CONVERSION = YES;
				CLANG_WARN_COMMA = YES;
				CLANG_WARN_CONSTANT_CONVERSION = YES;
				CLANG_WARN_DEPRECATED_OBJC_IMPLEMENTATIONS = YES;
				CLANG_WARN_DIRECT_OBJC_ISA_USAGE = YES_ERROR;
				CLANG_WARN_DOCUMENTATION_COMMENTS = YES;
				CLANG_WARN_EMPTY_BODY = YES;
				CLANG_WARN_ENUM_CONVERSION = YES;
				CLANG_WARN_INFINITE_RECURSION = YES;
				CLANG_WARN_INT_CONVERSION = YES;
				CLANG_WARN_NON_LITERAL_NULL_CONVERSION = YES;
				CLANG_WARN_OBJC_IMPLICIT_RETAIN_SELF = YES;
				CLANG_WARN_OBJC_LITERAL_CONVERSION = YES;
				CLANG_WARN_OBJC_ROOT_CLASS = YES_ERROR;
				CLANG_WARN_RANGE_LOOP_ANALYSIS = YES;
				CLANG_WARN_STRICT_PROTOTYPES = YES;
				CLANG_WARN_SUSPICIOUS_MOVE = YES;
				CLANG_WARN_UNGUARDED_AVAILABILITY = YES_AGGRESSIVE;
				CLANG_WARN_UNREACHABLE_CODE = YES;
				CLANG_WARN__DUPLICATE_METHOD_MATCH = YES;
				CODE_SIGN_IDENTITY = "iPhone Developer";
				COPY_PHASE_STRIP = NO;
				DEBUG_INFORMATION_FORMAT = dwarf;
				ENABLE_STRICT_OBJC_MSGSEND = YES;
				ENABLE_TESTABILITY = YES;
				GCC_C_LANGUAGE_STANDARD = gnu11;
				GCC_DYNAMIC_NO_PIC = NO;
				GCC_NO_COMMON_BLOCKS = YES;
				GCC_OPTIMIZATION_LEVEL = 0;
				GCC_PREPROCESSOR_DEFINITIONS = (
					"DEBUG=1",
					"$(inherited)",
				);
				GCC_WARN_64_TO_32_BIT_CONVERSION = YES;
				GCC_WARN_ABOUT_RETURN_TYPE = YES_ERROR;
				GCC_WARN_UNDECLARED_SELECTOR = YES;
				GCC_WARN_UNINITIALIZED_AUTOS = YES_AGGRESSIVE;
				GCC_WARN_UNUSED_FUNCTION = YES;
				GCC_WARN_UNUSED_VARIABLE = YES;
				IPHONEOS_DEPLOYMENT_TARGET = 12.1;
				MTL_ENABLE_DEBUG_INFO = INCLUDE_SOURCE;
				MTL_FAST_MATH = YES;
				ONLY_ACTIVE_ARCH = YES;
				SDKROOT = iphoneos;
				SWIFT_ACTIVE_COMPILATION_CONDITIONS = DEBUG;
				SWIFT_OPTIMIZATION_LEVEL = "-Onone";
			};
			name = Debug;
		};
		A5830999220479CD00326ABB /* Release */ = {
			isa = XCBuildConfiguration;
			buildSettings = {
				ALWAYS_SEARCH_USER_PATHS = NO;
				CLANG_ANALYZER_NONNULL = YES;
				CLANG_ANALYZER_NUMBER_OBJECT_CONVERSION = YES_AGGRESSIVE;
				CLANG_CXX_LANGUAGE_STANDARD = "gnu++14";
				CLANG_CXX_LIBRARY = "libc++";
				CLANG_ENABLE_MODULES = YES;
				CLANG_ENABLE_OBJC_ARC = YES;
				CLANG_ENABLE_OBJC_WEAK = YES;
				CLANG_WARN_BLOCK_CAPTURE_AUTORELEASING = YES;
				CLANG_WARN_BOOL_CONVERSION = YES;
				CLANG_WARN_COMMA = YES;
				CLANG_WARN_CONSTANT_CONVERSION = YES;
				CLANG_WARN_DEPRECATED_OBJC_IMPLEMENTATIONS = YES;
				CLANG_WARN_DIRECT_OBJC_ISA_USAGE = YES_ERROR;
				CLANG_WARN_DOCUMENTATION_COMMENTS = YES;
				CLANG_WARN_EMPTY_BODY = YES;
				CLANG_WARN_ENUM_CONVERSION = YES;
				CLANG_WARN_INFINITE_RECURSION = YES;
				CLANG_WARN_INT_CONVERSION = YES;
				CLANG_WARN_NON_LITERAL_NULL_CONVERSION = YES;
				CLANG_WARN_OBJC_IMPLICIT_RETAIN_SELF = YES;
				CLANG_WARN_OBJC_LITERAL_CONVERSION = YES;
				CLANG_WARN_OBJC_ROOT_CLASS = YES_ERROR;
				CLANG_WARN_RANGE_LOOP_ANALYSIS = YES;
				CLANG_WARN_STRICT_PROTOTYPES = YES;
				CLANG_WARN_SUSPICIOUS_MOVE = YES;
				CLANG_WARN_UNGUARDED_AVAILABILITY = YES_AGGRESSIVE;
				CLANG_WARN_UNREACHABLE_CODE = YES;
				CLANG_WARN__DUPLICATE_METHOD_MATCH = YES;
				CODE_SIGN_IDENTITY = "iPhone Developer";
				COPY_PHASE_STRIP = NO;
				DEBUG_INFORMATION_FORMAT = "dwarf-with-dsym";
				ENABLE_NS_ASSERTIONS = NO;
				ENABLE_STRICT_OBJC_MSGSEND = YES;
				GCC_C_LANGUAGE_STANDARD = gnu11;
				GCC_NO_COMMON_BLOCKS = YES;
				GCC_WARN_64_TO_32_BIT_CONVERSION = YES;
				GCC_WARN_ABOUT_RETURN_TYPE = YES_ERROR;
				GCC_WARN_UNDECLARED_SELECTOR = YES;
				GCC_WARN_UNINITIALIZED_AUTOS = YES_AGGRESSIVE;
				GCC_WARN_UNUSED_FUNCTION = YES;
				GCC_WARN_UNUSED_VARIABLE = YES;
				IPHONEOS_DEPLOYMENT_TARGET = 12.1;
				MTL_ENABLE_DEBUG_INFO = NO;
				MTL_FAST_MATH = YES;
				SDKROOT = iphoneos;
				SWIFT_COMPILATION_MODE = wholemodule;
				SWIFT_OPTIMIZATION_LEVEL = "-O";
				VALIDATE_PRODUCT = YES;
			};
			name = Release;
		};
		A583099B220479CD00326ABB /* Debug */ = {
			isa = XCBuildConfiguration;
			baseConfigurationReference = F203CCAC6517ED1885A02FA5 /* Pods-GuessTheCar.debug.xcconfig */;
			buildSettings = {
				ASSETCATALOG_COMPILER_APPICON_NAME = AppIcon;
				CODE_SIGN_STYLE = Automatic;
				DEVELOPMENT_TEAM = S2R484H276;
				INFOPLIST_FILE = GuessTheCar/Info.plist;
				IPHONEOS_DEPLOYMENT_TARGET = 11.0;
				LD_RUNPATH_SEARCH_PATHS = (
					"$(inherited)",
					"@executable_path/Frameworks",
				);
				PRODUCT_BUNDLE_IDENTIFIER = com.juniorsoftcorp.guessthecar;
				PRODUCT_NAME = "$(TARGET_NAME)";
				SWIFT_VERSION = 5.0;
				TARGETED_DEVICE_FAMILY = 1;
			};
			name = Debug;
		};
		A583099C220479CD00326ABB /* Release */ = {
			isa = XCBuildConfiguration;
			baseConfigurationReference = E1A051B59AD9100564F3717D /* Pods-GuessTheCar.release.xcconfig */;
			buildSettings = {
				ASSETCATALOG_COMPILER_APPICON_NAME = AppIcon;
				CODE_SIGN_STYLE = Automatic;
				DEVELOPMENT_TEAM = S2R484H276;
				INFOPLIST_FILE = GuessTheCar/Info.plist;
				IPHONEOS_DEPLOYMENT_TARGET = 11.0;
				LD_RUNPATH_SEARCH_PATHS = (
					"$(inherited)",
					"@executable_path/Frameworks",
				);
				PRODUCT_BUNDLE_IDENTIFIER = com.juniorsoftcorp.guessthecar;
				PRODUCT_NAME = "$(TARGET_NAME)";
				SWIFT_VERSION = 5.0;
				TARGETED_DEVICE_FAMILY = 1;
			};
			name = Release;
		};
/* End XCBuildConfiguration section */

/* Begin XCConfigurationList section */
		A5516197226B90AB00273E29 /* Build configuration list for PBXNativeTarget "GuessTheCarUITests" */ = {
			isa = XCConfigurationList;
			buildConfigurations = (
				A5516195226B90AB00273E29 /* Debug */,
				A5516196226B90AB00273E29 /* Release */,
			);
			defaultConfigurationIsVisible = 0;
			defaultConfigurationName = Release;
		};
		A55161A3226B90BA00273E29 /* Build configuration list for PBXNativeTarget "GuessTheCarTests" */ = {
			isa = XCConfigurationList;
			buildConfigurations = (
				A55161A4226B90BA00273E29 /* Debug */,
				A55161A5226B90BA00273E29 /* Release */,
			);
			defaultConfigurationIsVisible = 0;
			defaultConfigurationName = Release;
		};
		A5830983220479CC00326ABB /* Build configuration list for PBXProject "GuessTheCar" */ = {
			isa = XCConfigurationList;
			buildConfigurations = (
				A5830998220479CD00326ABB /* Debug */,
				A5830999220479CD00326ABB /* Release */,
			);
			defaultConfigurationIsVisible = 0;
			defaultConfigurationName = Release;
		};
		A583099A220479CD00326ABB /* Build configuration list for PBXNativeTarget "GuessTheCar" */ = {
			isa = XCConfigurationList;
			buildConfigurations = (
				A583099B220479CD00326ABB /* Debug */,
				A583099C220479CD00326ABB /* Release */,
			);
			defaultConfigurationIsVisible = 0;
			defaultConfigurationName = Release;
		};
/* End XCConfigurationList section */
	};
	rootObject = A5830980220479CC00326ABB /* Project object */;
}
