// !$*UTF8*$!
{
	archiveVersion = 1;
	classes = {
	};
	objectVersion = 50;
	objects = {

/* Begin PBXBuildFile section */
		0082BF849C473FC1C905B074 /* Pods_GuessTheCar.framework in Frameworks */ = {isa = PBXBuildFile; fileRef = EF96A2C27CD05CB477CA5652 /* Pods_GuessTheCar.framework */; };
		3A250D9B08281E172A125B4C /* Pods_GuessTheCarUITests.framework in Frameworks */ = {isa = PBXBuildFile; fileRef = 13D1B1D4F066C0D0AC1B6917 /* Pods_GuessTheCarUITests.framework */; };
		A5165C1022060CF0005CC20D /* GameProcessViewController.swift in Sources */ = {isa = PBXBuildFile; fileRef = A5165C0F22060CF0005CC20D /* GameProcessViewController.swift */; };
		A527B0BC2280C1F000046C1F /* CarsList.plist in Resources */ = {isa = PBXBuildFile; fileRef = A527B0BB2280C1F000046C1F /* CarsList.plist */; };
		A527B0BE2280C20700046C1F /* Cars.plist in Resources */ = {isa = PBXBuildFile; fileRef = A527B0BD2280C20700046C1F /* Cars.plist */; };
		A530CD1A2247AD5900AB256C /* Scores.plist in Resources */ = {isa = PBXBuildFile; fileRef = A530CD192247AD5800AB256C /* Scores.plist */; };
		A53F656F2247B6530080298F /* ScoresViewController.swift in Sources */ = {isa = PBXBuildFile; fileRef = A53F656E2247B6530080298F /* ScoresViewController.swift */; };
		A5516191226B90AB00273E29 /* GuessTheCarUITests.swift in Sources */ = {isa = PBXBuildFile; fileRef = A5516190226B90AB00273E29 /* GuessTheCarUITests.swift */; };
		A551619F226B90BA00273E29 /* GuessTheCarTests.swift in Sources */ = {isa = PBXBuildFile; fileRef = A551619E226B90BA00273E29 /* GuessTheCarTests.swift */; };
		A557C6FF2219CBFC00E6BBA8 /* GameOverViewController.swift in Sources */ = {isa = PBXBuildFile; fileRef = A557C6FE2219CBFC00E6BBA8 /* GameOverViewController.swift */; };
		A561B73F2273917B003DCF52 /* CarsVariants.plist in Resources */ = {isa = PBXBuildFile; fileRef = A561B73E2273917B003DCF52 /* CarsVariants.plist */; };
		A56FB232222062C300EAFAA4 /* BackgroundSound.mp3 in Resources */ = {isa = PBXBuildFile; fileRef = A56FB231222062C300EAFAA4 /* BackgroundSound.mp3 */; };
		A56FB2352220630900EAFAA4 /* AVFoundation.framework in Frameworks */ = {isa = PBXBuildFile; fileRef = A56FB2342220630900EAFAA4 /* AVFoundation.framework */; };
		A56FB23922206ED700EAFAA4 /* Horn.wav in Resources */ = {isa = PBXBuildFile; fileRef = A56FB23822206ED700EAFAA4 /* Horn.wav */; };
		A583098C220479CC00326ABB /* AppDelegate.swift in Sources */ = {isa = PBXBuildFile; fileRef = A583098B220479CC00326ABB /* AppDelegate.swift */; };
		A583098E220479CC00326ABB /* ViewController.swift in Sources */ = {isa = PBXBuildFile; fileRef = A583098D220479CC00326ABB /* ViewController.swift */; };
		A5830991220479CC00326ABB /* Main.storyboard in Resources */ = {isa = PBXBuildFile; fileRef = A583098F220479CC00326ABB /* Main.storyboard */; };
		A5830996220479CD00326ABB /* LaunchScreen.storyboard in Resources */ = {isa = PBXBuildFile; fileRef = A5830994220479CD00326ABB /* LaunchScreen.storyboard */; };
		A5CF275222737AEE0055FAC5 /* Assets.xcassets in Resources */ = {isa = PBXBuildFile; fileRef = A5CF275122737AED0055FAC5 /* Assets.xcassets */; };
		A5F8E774223D87CA005B06E2 /* Correct.wav in Resources */ = {isa = PBXBuildFile; fileRef = A5F8E772223D87C9005B06E2 /* Correct.wav */; };
		A5F8E775223D87CA005B06E2 /* Wrong.wav in Resources */ = {isa = PBXBuildFile; fileRef = A5F8E773223D87CA005B06E2 /* Wrong.wav */; };
		A5FB461722356E5500F038C4 /* ScoresAPI.swift in Sources */ = {isa = PBXBuildFile; fileRef = A5FB461622356E5500F038C4 /* ScoresAPI.swift */; };
		FF4045A38568189BA5D1433F /* Pods_GuessTheCarTests.framework in Frameworks */ = {isa = PBXBuildFile; fileRef = 9D75BB9902EDDF983924C1D8 /* Pods_GuessTheCarTests.framework */; };
/* End PBXBuildFile section */

/* Begin PBXContainerItemProxy section */
		A5516193226B90AB00273E29 /* PBXContainerItemProxy */ = {
			isa = PBXContainerItemProxy;
			containerPortal = A5830980220479CC00326ABB /* Project object */;
			proxyType = 1;
			remoteGlobalIDString = A5830987220479CC00326ABB;
			remoteInfo = GuessTheCar;
		};
		A55161A1226B90BA00273E29 /* PBXContainerItemProxy */ = {
			isa = PBXContainerItemProxy;
			containerPortal = A5830980220479CC00326ABB /* Project object */;
			proxyType = 1;
			remoteGlobalIDString = A5830987220479CC00326ABB;
			remoteInfo = GuessTheCar;
		};
/* End PBXContainerItemProxy section */

/* Begin PBXFileReference section */
		0CC21D7160A517ADB9D02435 /* Pods-GuessTheCarTests.debug.xcconfig */ = {isa = PBXFileReference; includeInIndex = 1; lastKnownFileType = text.xcconfig; name = "Pods-GuessTheCarTests.debug.xcconfig"; path = "Target Support Files/Pods-GuessTheCarTests/Pods-GuessTheCarTests.debug.xcconfig"; sourceTree = "<group>"; };
		13D1B1D4F066C0D0AC1B6917 /* Pods_GuessTheCarUITests.framework */ = {isa = PBXFileReference; explicitFileType = wrapper.framework; includeInIndex = 0; path = Pods_GuessTheCarUITests.framework; sourceTree = BUILT_PRODUCTS_DIR; };
		54FFC71179DE265DE94AB8DF /* Pods-GuessTheCarTests.release.xcconfig */ = {isa = PBXFileReference; includeInIndex = 1; lastKnownFileType = text.xcconfig; name = "Pods-GuessTheCarTests.release.xcconfig"; path = "Target Support Files/Pods-GuessTheCarTests/Pods-GuessTheCarTests.release.xcconfig"; sourceTree = "<group>"; };
		9D75BB9902EDDF983924C1D8 /* Pods_GuessTheCarTests.framework */ = {isa = PBXFileReference; explicitFileType = wrapper.framework; includeInIndex = 0; path = Pods_GuessTheCarTests.framework; sourceTree = BUILT_PRODUCTS_DIR; };
		A5165C0F22060CF0005CC20D /* GameProcessViewController.swift */ = {isa = PBXFileReference; lastKnownFileType = sourcecode.swift; path = GameProcessViewController.swift; sourceTree = "<group>"; };
		A527B0BB2280C1F000046C1F /* CarsList.plist */ = {isa = PBXFileReference; lastKnownFileType = text.plist.xml; path = CarsList.plist; sourceTree = "<group>"; };
		A527B0BD2280C20700046C1F /* Cars.plist */ = {isa = PBXFileReference; lastKnownFileType = text.plist.xml; path = Cars.plist; sourceTree = "<group>"; };
		A530CD192247AD5800AB256C /* Scores.plist */ = {isa = PBXFileReference; fileEncoding = 4; lastKnownFileType = text.plist.xml; path = Scores.plist; sourceTree = "<group>"; };
		A53F656E2247B6530080298F /* ScoresViewController.swift */ = {isa = PBXFileReference; lastKnownFileType = sourcecode.swift; path = ScoresViewController.swift; sourceTree = "<group>"; };
		A551618E226B90AB00273E29 /* GuessTheCarUITests.xctest */ = {isa = PBXFileReference; explicitFileType = wrapper.cfbundle; includeInIndex = 0; path = GuessTheCarUITests.xctest; sourceTree = BUILT_PRODUCTS_DIR; };
		A5516190226B90AB00273E29 /* GuessTheCarUITests.swift */ = {isa = PBXFileReference; lastKnownFileType = sourcecode.swift; path = GuessTheCarUITests.swift; sourceTree = "<group>"; };
		A5516192226B90AB00273E29 /* Info.plist */ = {isa = PBXFileReference; lastKnownFileType = text.plist.xml; path = Info.plist; sourceTree = "<group>"; };
		A551619C226B90BA00273E29 /* GuessTheCarTests.xctest */ = {isa = PBXFileReference; explicitFileType = wrapper.cfbundle; includeInIndex = 0; path = GuessTheCarTests.xctest; sourceTree = BUILT_PRODUCTS_DIR; };
		A551619E226B90BA00273E29 /* GuessTheCarTests.swift */ = {isa = PBXFileReference; lastKnownFileType = sourcecode.swift; path = GuessTheCarTests.swift; sourceTree = "<group>"; };
		A55161A0226B90BA00273E29 /* Info.plist */ = {isa = PBXFileReference; lastKnownFileType = text.plist.xml; path = Info.plist; sourceTree = "<group>"; };
		A557C6FE2219CBFC00E6BBA8 /* GameOverViewController.swift */ = {isa = PBXFileReference; lastKnownFileType = sourcecode.swift; path = GameOverViewController.swift; sourceTree = "<group>"; };
		A561B73E2273917B003DCF52 /* CarsVariants.plist */ = {isa = PBXFileReference; lastKnownFileType = text.plist.xml; path = CarsVariants.plist; sourceTree = "<group>"; };
		A56FB231222062C300EAFAA4 /* BackgroundSound.mp3 */ = {isa = PBXFileReference; lastKnownFileType = audio.mp3; path = BackgroundSound.mp3; sourceTree = "<group>"; };
		A56FB2342220630900EAFAA4 /* AVFoundation.framework */ = {isa = PBXFileReference; lastKnownFileType = wrapper.framework; name = AVFoundation.framework; path = System/Library/Frameworks/AVFoundation.framework; sourceTree = SDKROOT; };
		A56FB23822206ED700EAFAA4 /* Horn.wav */ = {isa = PBXFileReference; lastKnownFileType = audio.wav; path = Horn.wav; sourceTree = "<group>"; };
		A5830988220479CC00326ABB /* GuessTheCar.app */ = {isa = PBXFileReference; explicitFileType = wrapper.application; includeInIndex = 0; path = GuessTheCar.app; sourceTree = BUILT_PRODUCTS_DIR; };
		A583098B220479CC00326ABB /* AppDelegate.swift */ = {isa = PBXFileReference; lastKnownFileType = sourcecode.swift; path = AppDelegate.swift; sourceTree = "<group>"; };
		A583098D220479CC00326ABB /* ViewController.swift */ = {isa = PBXFileReference; lastKnownFileType = sourcecode.swift; path = ViewController.swift; sourceTree = "<group>"; };
		A5830990220479CC00326ABB /* Base */ = {isa = PBXFileReference; lastKnownFileType = file.storyboard; name = Base; path = Base.lproj/Main.storyboard; sourceTree = "<group>"; };
		A5830995220479CD00326ABB /* Base */ = {isa = PBXFileReference; lastKnownFileType = file.storyboard; name = Base; path = Base.lproj/LaunchScreen.storyboard; sourceTree = "<group>"; };
		A5830997220479CD00326ABB /* Info.plist */ = {isa = PBXFileReference; lastKnownFileType = text.plist.xml; path = Info.plist; sourceTree = "<group>"; };
		A5CF275122737AED0055FAC5 /* Assets.xcassets */ = {isa = PBXFileReference; lastKnownFileType = folder.assetcatalog; path = Assets.xcassets; sourceTree = "<group>"; };
		A5F8E772223D87C9005B06E2 /* Correct.wav */ = {isa = PBXFileReference; lastKnownFileType = audio.wav; path = Correct.wav; sourceTree = "<group>"; };
		A5F8E773223D87CA005B06E2 /* Wrong.wav */ = {isa = PBXFileReference; lastKnownFileType = audio.wav; path = Wrong.wav; sourceTree = "<group>"; };
		A5FB461622356E5500F038C4 /* ScoresAPI.swift */ = {isa = PBXFileReference; lastKnownFileType = sourcecode.swift; path = ScoresAPI.swift; sourceTree = "<group>"; };
		E12746B601C073FF0860D316 /* Pods-GuessTheCarUITests.release.xcconfig */ = {isa = PBXFileReference; includeInIndex = 1; lastKnownFileType = text.xcconfig; name = "Pods-GuessTheCarUITests.release.xcconfig"; path = "Target Support Files/Pods-GuessTheCarUITests/Pods-GuessTheCarUITests.release.xcconfig"; sourceTree = "<group>"; };
		E1A051B59AD9100564F3717D /* Pods-GuessTheCar.release.xcconfig */ = {isa = PBXFileReference; includeInIndex = 1; lastKnownFileType = text.xcconfig; name = "Pods-GuessTheCar.release.xcconfig"; path = "Target Support Files/Pods-GuessTheCar/Pods-GuessTheCar.release.xcconfig"; sourceTree = "<group>"; };
		E8C4CA08D25B0F1F702002CB /* Pods-GuessTheCarUITests.debug.xcconfig */ = {isa = PBXFileReference; includeInIndex = 1; lastKnownFileType = text.xcconfig; name = "Pods-GuessTheCarUITests.debug.xcconfig"; path = "Target Support Files/Pods-GuessTheCarUITests/Pods-GuessTheCarUITests.debug.xcconfig"; sourceTree = "<group>"; };
		EF96A2C27CD05CB477CA5652 /* Pods_GuessTheCar.framework */ = {isa = PBXFileReference; explicitFileType = wrapper.framework; includeInIndex = 0; path = Pods_GuessTheCar.framework; sourceTree = BUILT_PRODUCTS_DIR; };
		F203CCAC6517ED1885A02FA5 /* Pods-GuessTheCar.debug.xcconfig */ = {isa = PBXFileReference; includeInIndex = 1; lastKnownFileType = text.xcconfig; name = "Pods-GuessTheCar.debug.xcconfig"; path = "Target Support Files/Pods-GuessTheCar/Pods-GuessTheCar.debug.xcconfig"; sourceTree = "<group>"; };
/* End PBXFileReference section */

/* Begin PBXFrameworksBuildPhase section */
		A551618B226B90AB00273E29 /* Frameworks */ = {
			isa = PBXFrameworksBuildPhase;
			buildActionMask = 2147483647;
			files = (
				3A250D9B08281E172A125B4C /* Pods_GuessTheCarUITests.framework in Frameworks */,
			);
			runOnlyForDeploymentPostprocessing = 0;
		};
		A5516199226B90BA00273E29 /* Frameworks */ = {
			isa = PBXFrameworksBuildPhase;
			buildActionMask = 2147483647;
			files = (
				FF4045A38568189BA5D1433F /* Pods_GuessTheCarTests.framework in Frameworks */,
			);
			runOnlyForDeploymentPostprocessing = 0;
		};
		A5830985220479CC00326ABB /* Frameworks */ = {
			isa = PBXFrameworksBuildPhase;
			buildActionMask = 2147483647;
			files = (
				A56FB2352220630900EAFAA4 /* AVFoundation.framework in Frameworks */,
				0082BF849C473FC1C905B074 /* Pods_GuessTheCar.framework in Frameworks */,
			);
			runOnlyForDeploymentPostprocessing = 0;
		};
/* End PBXFrameworksBuildPhase section */

/* Begin PBXGroup section */
		03D3287028ACEF055E1507CB /* Pods */ = {
			isa = PBXGroup;
			children = (
				F203CCAC6517ED1885A02FA5 /* Pods-GuessTheCar.debug.xcconfig */,
				E1A051B59AD9100564F3717D /* Pods-GuessTheCar.release.xcconfig */,
				0CC21D7160A517ADB9D02435 /* Pods-GuessTheCarTests.debug.xcconfig */,
				54FFC71179DE265DE94AB8DF /* Pods-GuessTheCarTests.release.xcconfig */,
				E8C4CA08D25B0F1F702002CB /* Pods-GuessTheCarUITests.debug.xcconfig */,
				E12746B601C073FF0860D316 /* Pods-GuessTheCarUITests.release.xcconfig */,
			);
			path = Pods;
			sourceTree = "<group>";
		};
		A551618F226B90AB00273E29 /* GuessTheCarUITests */ = {
			isa = PBXGroup;
			children = (
				A5516190226B90AB00273E29 /* GuessTheCarUITests.swift */,
				A5516192226B90AB00273E29 /* Info.plist */,
			);
			path = GuessTheCarUITests;
			sourceTree = "<group>";
		};
		A551619D226B90BA00273E29 /* GuessTheCarTests */ = {
			isa = PBXGroup;
			children = (
				A551619E226B90BA00273E29 /* GuessTheCarTests.swift */,
				A55161A0226B90BA00273E29 /* Info.plist */,
			);
			path = GuessTheCarTests;
			sourceTree = "<group>";
		};
		A561B739227383C9003DCF52 /* Sounds */ = {
			isa = PBXGroup;
			children = (
				A56FB23822206ED700EAFAA4 /* Horn.wav */,
				A56FB231222062C300EAFAA4 /* BackgroundSound.mp3 */,
				A5F8E772223D87C9005B06E2 /* Correct.wav */,
				A5F8E773223D87CA005B06E2 /* Wrong.wav */,
			);
			path = Sounds;
			sourceTree = "<group>";
		};
		A56FB2332220630900EAFAA4 /* Frameworks */ = {
			isa = PBXGroup;
			children = (
				A56FB2342220630900EAFAA4 /* AVFoundation.framework */,
				EF96A2C27CD05CB477CA5652 /* Pods_GuessTheCar.framework */,
				9D75BB9902EDDF983924C1D8 /* Pods_GuessTheCarTests.framework */,
				13D1B1D4F066C0D0AC1B6917 /* Pods_GuessTheCarUITests.framework */,
			);
			name = Frameworks;
			sourceTree = "<group>";
		};
		A583097F220479CC00326ABB = {
			isa = PBXGroup;
			children = (
				A583098A220479CC00326ABB /* GuessTheCar */,
				A551618F226B90AB00273E29 /* GuessTheCarUITests */,
				A551619D226B90BA00273E29 /* GuessTheCarTests */,
				A5830989220479CC00326ABB /* Products */,
				A56FB2332220630900EAFAA4 /* Frameworks */,
				03D3287028ACEF055E1507CB /* Pods */,
			);
			sourceTree = "<group>";
		};
		A5830989220479CC00326ABB /* Products */ = {
			isa = PBXGroup;
			children = (
				A5830988220479CC00326ABB /* GuessTheCar.app */,
				A551618E226B90AB00273E29 /* GuessTheCarUITests.xctest */,
				A551619C226B90BA00273E29 /* GuessTheCarTests.xctest */,
			);
			name = Products;
			sourceTree = "<group>";
		};
		A583098A220479CC00326ABB /* GuessTheCar */ = {
			isa = PBXGroup;
			children = (
				A561B739227383C9003DCF52 /* Sounds */,
				A5CF275122737AED0055FAC5 /* Assets.xcassets */,
				A583098B220479CC00326ABB /* AppDelegate.swift */,
				A583098D220479CC00326ABB /* ViewController.swift */,
				A5165C0F22060CF0005CC20D /* GameProcessViewController.swift */,
				A557C6FE2219CBFC00E6BBA8 /* GameOverViewController.swift */,
				A53F656E2247B6530080298F /* ScoresViewController.swift */,
				A5FB461622356E5500F038C4 /* ScoresAPI.swift */,
				A583098F220479CC00326ABB /* Main.storyboard */,
				A5830994220479CD00326ABB /* LaunchScreen.storyboard */,
				A5830997220479CD00326ABB /* Info.plist */,
				A530CD192247AD5800AB256C /* Scores.plist */,
				A561B73E2273917B003DCF52 /* CarsVariants.plist */,
				A527B0BB2280C1F000046C1F /* CarsList.plist */,
				A527B0BD2280C20700046C1F /* Cars.plist */,
			);
			path = GuessTheCar;
			sourceTree = "<group>";
		};
/* End PBXGroup section */

/* Begin PBXNativeTarget section */
		A551618D226B90AB00273E29 /* GuessTheCarUITests */ = {
			isa = PBXNativeTarget;
			buildConfigurationList = A5516197226B90AB00273E29 /* Build configuration list for PBXNativeTarget "GuessTheCarUITests" */;
			buildPhases = (
				0A5DA8F77B037CC8D04F09B1 /* [CP] Check Pods Manifest.lock */,
				A551618A226B90AB00273E29 /* Sources */,
				A551618B226B90AB00273E29 /* Frameworks */,
				A551618C226B90AB00273E29 /* Resources */,
			);
			buildRules = (
			);
			dependencies = (
				A5516194226B90AB00273E29 /* PBXTargetDependency */,
			);
			name = GuessTheCarUITests;
			productName = GuessTheCarUITests;
			productReference = A551618E226B90AB00273E29 /* GuessTheCarUITests.xctest */;
			productType = "com.apple.product-type.bundle.ui-testing";
		};
		A551619B226B90BA00273E29 /* GuessTheCarTests */ = {
			isa = PBXNativeTarget;
			buildConfigurationList = A55161A3226B90BA00273E29 /* Build configuration list for PBXNativeTarget "GuessTheCarTests" */;
			buildPhases = (
				1A53A522D5C7CE82A4578577 /* [CP] Check Pods Manifest.lock */,
				A5516198226B90BA00273E29 /* Sources */,
				A5516199226B90BA00273E29 /* Frameworks */,
				A551619A226B90BA00273E29 /* Resources */,
			);
			buildRules = (
			);
			dependencies = (
				A55161A2226B90BA00273E29 /* PBXTargetDependency */,
			);
			name = GuessTheCarTests;
			productName = GuessTheCarTests;
			productReference = A551619C226B90BA00273E29 /* GuessTheCarTests.xctest */;
			productType = "com.apple.product-type.bundle.unit-test";
		};
		A5830987220479CC00326ABB /* GuessTheCar */ = {
			isa = PBXNativeTarget;
			buildConfigurationList = A583099A220479CD00326ABB /* Build configuration list for PBXNativeTarget "GuessTheCar" */;
			buildPhases = (
				5845FB2B568D2E4632E2A446 /* [CP] Check Pods Manifest.lock */,
				A5830984220479CC00326ABB /* Sources */,
				A5830985220479CC00326ABB /* Frameworks */,
				A5830986220479CC00326ABB /* Resources */,
				A53AA2612227EF06006E047B /* ShellScript */,
				9C7F7427A918E87411435D52 /* [CP] Embed Pods Frameworks */,
			);
			buildRules = (
			);
			dependencies = (
			);
			name = GuessTheCar;
			productName = GuessTheCar;
			productReference = A5830988220479CC00326ABB /* GuessTheCar.app */;
			productType = "com.apple.product-type.application";
		};
/* End PBXNativeTarget section */

/* Begin PBXProject section */
		A5830980220479CC00326ABB /* Project object */ = {
			isa = PBXProject;
			attributes = {
				LastSwiftUpdateCheck = 1020;
				LastUpgradeCheck = 1010;
				ORGANIZATIONNAME = "сергей";
				TargetAttributes = {
					A551618D226B90AB00273E29 = {
						CreatedOnToolsVersion = 10.2.1;
						TestTargetID = A5830987220479CC00326ABB;
					};
					A551619B226B90BA00273E29 = {
						CreatedOnToolsVersion = 10.2.1;
						TestTargetID = A5830987220479CC00326ABB;
					};
					A5830987220479CC00326ABB = {
						CreatedOnToolsVersion = 10.1;
						LastSwiftMigration = 1020;
					};
				};
			};
			buildConfigurationList = A5830983220479CC00326ABB /* Build configuration list for PBXProject "GuessTheCar" */;
			compatibilityVersion = "Xcode 9.3";
			developmentRegion = en;
			hasScannedForEncodings = 0;
			knownRegions = (
				en,
				Base,
			);
			mainGroup = A583097F220479CC00326ABB;
			productRefGroup = A5830989220479CC00326ABB /* Products */;
			projectDirPath = "";
			projectRoot = "";
			targets = (
				A5830987220479CC00326ABB /* GuessTheCar */,
				A551618D226B90AB00273E29 /* GuessTheCarUITests */,
				A551619B226B90BA00273E29 /* GuessTheCarTests */,
			);
		};
/* End PBXProject section */

/* Begin PBXResourcesBuildPhase section */
		A551618C226B90AB00273E29 /* Resources */ = {
			isa = PBXResourcesBuildPhase;
			buildActionMask = 2147483647;
			files = (
			);
			runOnlyForDeploymentPostprocessing = 0;
		};
		A551619A226B90BA00273E29 /* Resources */ = {
			isa = PBXResourcesBuildPhase;
			buildActionMask = 2147483647;
			files = (
			);
			runOnlyForDeploymentPostprocessing = 0;
		};
		A5830986220479CC00326ABB /* Resources */ = {
			isa = PBXResourcesBuildPhase;
			buildActionMask = 2147483647;
			files = (
				A5830996220479CD00326ABB /* LaunchScreen.storyboard in Resources */,
				A527B0BC2280C1F000046C1F /* CarsList.plist in Resources */,
				A561B73F2273917B003DCF52 /* CarsVariants.plist in Resources */,
				A56FB23922206ED700EAFAA4 /* Horn.wav in Resources */,
				A5F8E775223D87CA005B06E2 /* Wrong.wav in Resources */,
				A56FB232222062C300EAFAA4 /* BackgroundSound.mp3 in Resources */,
				A530CD1A2247AD5900AB256C /* Scores.plist in Resources */,
				A527B0BE2280C20700046C1F /* Cars.plist in Resources */,
				A5830991220479CC00326ABB /* Main.storyboard in Resources */,
				A5CF275222737AEE0055FAC5 /* Assets.xcassets in Resources */,
				A5F8E774223D87CA005B06E2 /* Correct.wav in Resources */,
			);
			runOnlyForDeploymentPostprocessing = 0;
		};
/* End PBXResourcesBuildPhase section */

/* Begin PBXShellScriptBuildPhase section */
		0A5DA8F77B037CC8D04F09B1 /* [CP] Check Pods Manifest.lock */ = {
			isa = PBXShellScriptBuildPhase;
			buildActionMask = 2147483647;
			files = (
			);
			inputFileListPaths = (
			);
			inputPaths = (
				"${PODS_PODFILE_DIR_PATH}/Podfile.lock",
				"${PODS_ROOT}/Manifest.lock",
			);
			name = "[CP] Check Pods Manifest.lock";
			outputFileListPaths = (
			);
			outputPaths = (
				"$(DERIVED_FILE_DIR)/Pods-GuessTheCarUITests-checkManifestLockResult.txt",
			);
			runOnlyForDeploymentPostprocessing = 0;
			shellPath = /bin/sh;
			shellScript = "diff \"${PODS_PODFILE_DIR_PATH}/Podfile.lock\" \"${PODS_ROOT}/Manifest.lock\" > /dev/null\nif [ $? != 0 ] ; then\n    # print error to STDERR\n    echo \"error: The sandbox is not in sync with the Podfile.lock. Run 'pod install' or update your CocoaPods installation.\" >&2\n    exit 1\nfi\n# This output is used by Xcode 'outputs' to avoid re-running this script phase.\necho \"SUCCESS\" > \"${SCRIPT_OUTPUT_FILE_0}\"\n";
			showEnvVarsInLog = 0;
		};
		1A53A522D5C7CE82A4578577 /* [CP] Check Pods Manifest.lock */ = {
			isa = PBXShellScriptBuildPhase;
			buildActionMask = 2147483647;
			files = (
			);
			inputFileListPaths = (
			);
			inputPaths = (
				"${PODS_PODFILE_DIR_PATH}/Podfile.lock",
				"${PODS_ROOT}/Manifest.lock",
			);
			name = "[CP] Check Pods Manifest.lock";
			outputFileListPaths = (
			);
			outputPaths = (
				"$(DERIVED_FILE_DIR)/Pods-GuessTheCarTests-checkManifestLockResult.txt",
			);
			runOnlyForDeploymentPostprocessing = 0;
			shellPath = /bin/sh;
			shellScript = "diff \"${PODS_PODFILE_DIR_PATH}/Podfile.lock\" \"${PODS_ROOT}/Manifest.lock\" > /dev/null\nif [ $? != 0 ] ; then\n    # print error to STDERR\n    echo \"error: The sandbox is not in sync with the Podfile.lock. Run 'pod install' or update your CocoaPods installation.\" >&2\n    exit 1\nfi\n# This output is used by Xcode 'outputs' to avoid re-running this script phase.\necho \"SUCCESS\" > \"${SCRIPT_OUTPUT_FILE_0}\"\n";
			showEnvVarsInLog = 0;
		};
		5845FB2B568D2E4632E2A446 /* [CP] Check Pods Manifest.lock */ = {
			isa = PBXShellScriptBuildPhase;
			buildActionMask = 2147483647;
			files = (
			);
			inputFileListPaths = (
			);
			inputPaths = (
				"${PODS_PODFILE_DIR_PATH}/Podfile.lock",
				"${PODS_ROOT}/Manifest.lock",
			);
			name = "[CP] Check Pods Manifest.lock";
			outputFileListPaths = (
			);
			outputPaths = (
				"$(DERIVED_FILE_DIR)/Pods-GuessTheCar-checkManifestLockResult.txt",
			);
			runOnlyForDeploymentPostprocessing = 0;
			shellPath = /bin/sh;
			shellScript = "diff \"${PODS_PODFILE_DIR_PATH}/Podfile.lock\" \"${PODS_ROOT}/Manifest.lock\" > /dev/null\nif [ $? != 0 ] ; then\n    # print error to STDERR\n    echo \"error: The sandbox is not in sync with the Podfile.lock. Run 'pod install' or update your CocoaPods installation.\" >&2\n    exit 1\nfi\n# This output is used by Xcode 'outputs' to avoid re-running this script phase.\necho \"SUCCESS\" > \"${SCRIPT_OUTPUT_FILE_0}\"\n";
			showEnvVarsInLog = 0;
		};
		9C7F7427A918E87411435D52 /* [CP] Embed Pods Frameworks */ = {
			isa = PBXShellScriptBuildPhase;
			buildActionMask = 2147483647;
			files = (
			);
			inputFileListPaths = (
				"${PODS_ROOT}/Target Support Files/Pods-GuessTheCar/Pods-GuessTheCar-frameworks-${CONFIGURATION}-input-files.xcfilelist",
			);
			name = "[CP] Embed Pods Frameworks";
			outputFileListPaths = (
				"${PODS_ROOT}/Target Support Files/Pods-GuessTheCar/Pods-GuessTheCar-frameworks-${CONFIGURATION}-output-files.xcfilelist",
			);
			runOnlyForDeploymentPostprocessing = 0;
			shellPath = /bin/sh;
			shellScript = "\"${PODS_ROOT}/Target Support Files/Pods-GuessTheCar/Pods-GuessTheCar-frameworks.sh\"\n";
			showEnvVarsInLog = 0;
		};
		A53AA2612227EF06006E047B /* ShellScript */ = {
			isa = PBXShellScriptBuildPhase;
			buildActionMask = 2147483647;
			files = (
			);
			inputFileListPaths = (
			);
			inputPaths = (
			);
			outputFileListPaths = (
			);
			outputPaths = (
			);
			runOnlyForDeploymentPostprocessing = 0;
			shellPath = /bin/sh;
			shellScript = "# Type a script or drag a script file from your workspace to insert its path.\n\n";
		};
/* End PBXShellScriptBuildPhase section */

/* Begin PBXSourcesBuildPhase section */
		A551618A226B90AB00273E29 /* Sources */ = {
			isa = PBXSourcesBuildPhase;
			buildActionMask = 2147483647;
			files = (
				A5516191226B90AB00273E29 /* GuessTheCarUITests.swift in Sources */,
			);
			runOnlyForDeploymentPostprocessing = 0;
		};
		A5516198226B90BA00273E29 /* Sources */ = {
			isa = PBXSourcesBuildPhase;
			buildActionMask = 2147483647;
			files = (
				A551619F226B90BA00273E29 /* GuessTheCarTests.swift in Sources */,
			);
			runOnlyForDeploymentPostprocessing = 0;
		};
		A5830984220479CC00326ABB /* Sources */ = {
			isa = PBXSourcesBuildPhase;
			buildActionMask = 2147483647;
			files = (
				A557C6FF2219CBFC00E6BBA8 /* GameOverViewController.swift in Sources */,
				A5FB461722356E5500F038C4 /* ScoresAPI.swift in Sources */,
				A53F656F2247B6530080298F /* ScoresViewController.swift in Sources */,
				A5165C1022060CF0005CC20D /* GameProcessViewController.swift in Sources */,
				A583098E220479CC00326ABB /* ViewController.swift in Sources */,
				A583098C220479CC00326ABB /* AppDelegate.swift in Sources */,
			);
			runOnlyForDeploymentPostprocessing = 0;
		};
/* End PBXSourcesBuildPhase section */

/* Begin PBXTargetDependency section */
		A5516194226B90AB00273E29 /* PBXTargetDependency */ = {
			isa = PBXTargetDependency;
			target = A5830987220479CC00326ABB /* GuessTheCar */;
			targetProxy = A5516193226B90AB00273E29 /* PBXContainerItemProxy */;
		};
		A55161A2226B90BA00273E29 /* PBXTargetDependency */ = {
			isa = PBXTargetDependency;
			target = A5830987220479CC00326ABB /* GuessTheCar */;
			targetProxy = A55161A1226B90BA00273E29 /* PBXContainerItemProxy */;
		};
/* End PBXTargetDependency section */

/* Begin PBXVariantGroup section */
		A583098F220479CC00326ABB /* Main.storyboard */ = {
			isa = PBXVariantGroup;
			children = (
				A5830990220479CC00326ABB /* Base */,
			);
			name = Main.storyboard;
			sourceTree = "<group>";
		};
		A5830994220479CD00326ABB /* LaunchScreen.storyboard */ = {
			isa = PBXVariantGroup;
			children = (
				A5830995220479CD00326ABB /* Base */,
			);
			name = LaunchScreen.storyboard;
			sourceTree = "<group>";
		};
/* End PBXVariantGroup section */

/* Begin XCBuildConfiguration section */
		A5516195226B90AB00273E29 /* Debug */ = {
			isa = XCBuildConfiguration;
			baseConfigurationReference = E8C4CA08D25B0F1F702002CB /* Pods-GuessTheCarUITests.debug.xcconfig */;
			buildSettings = {
				CODE_SIGN_STYLE = Automatic;
				DEVELOPMENT_TEAM = 9CSPGX38AJ;
				INFOPLIST_FILE = GuessTheCarUITests/Info.plist;
				IPHONEOS_DEPLOYMENT_TARGET = 12.2;
				LD_RUNPATH_SEARCH_PATHS = (
					"$(inherited)",
					"@executable_path/Frameworks",
					"@loader_path/Frameworks",
				);
				PRODUCT_BUNDLE_IDENTIFIER = com.test..GuessTheCarUITests;
				PRODUCT_NAME = "$(TARGET_NAME)";
				SWIFT_VERSION = 5.0;
				TARGETED_DEVICE_FAMILY = "1,2";
				TEST_TARGET_NAME = GuessTheCar;
			};
			name = Debug;
		};
		A5516196226B90AB00273E29 /* Release */ = {
			isa = XCBuildConfiguration;
			baseConfigurationReference = E12746B601C073FF0860D316 /* Pods-GuessTheCarUITests.release.xcconfig */;
			buildSettings = {
				CODE_SIGN_STYLE = Automatic;
				DEVELOPMENT_TEAM = 9CSPGX38AJ;
				INFOPLIST_FILE = GuessTheCarUITests/Info.plist;
				IPHONEOS_DEPLOYMENT_TARGET = 12.2;
				LD_RUNPATH_SEARCH_PATHS = (
					"$(inherited)",
					"@executable_path/Frameworks",
					"@loader_path/Frameworks",
				);
				PRODUCT_BUNDLE_IDENTIFIER = com.test..GuessTheCarUITests;
				PRODUCT_NAME = "$(TARGET_NAME)";
				SWIFT_VERSION = 5.0;
				TARGETED_DEVICE_FAMILY = "1,2";
				TEST_TARGET_NAME = GuessTheCar;
			};
			name = Release;
		};
		A55161A4226B90BA00273E29 /* Debug */ = {
			isa = XCBuildConfiguration;
			baseConfigurationReference = 0CC21D7160A517ADB9D02435 /* Pods-GuessTheCarTests.debug.xcconfig */;
			buildSettings = {
				BUNDLE_LOADER = "$(TEST_HOST)";
				CODE_SIGN_STYLE = Automatic;
				DEVELOPMENT_TEAM = 9CSPGX38AJ;
				INFOPLIST_FILE = GuessTheCarTests/Info.plist;
				IPHONEOS_DEPLOYMENT_TARGET = 12.2;
				LD_RUNPATH_SEARCH_PATHS = (
					"$(inherited)",
					"@executable_path/Frameworks",
					"@loader_path/Frameworks",
				);
				PRODUCT_BUNDLE_IDENTIFIER = com.test..GuessTheCarTests;
				PRODUCT_NAME = "$(TARGET_NAME)";
				SWIFT_VERSION = 5.0;
				TARGETED_DEVICE_FAMILY = "1,2";
				TEST_HOST = "$(BUILT_PRODUCTS_DIR)/GuessTheCar.app/GuessTheCar";
			};
			name = Debug;
		};
		A55161A5226B90BA00273E29 /* Release */ = {
			isa = XCBuildConfiguration;
			baseConfigurationReference = 54FFC71179DE265DE94AB8DF /* Pods-GuessTheCarTests.release.xcconfig */;
			buildSettings = {
				BUNDLE_LOADER = "$(TEST_HOST)";
				CODE_SIGN_STYLE = Automatic;
				DEVELOPMENT_TEAM = 9CSPGX38AJ;
				INFOPLIST_FILE = GuessTheCarTests/Info.plist;
				IPHONEOS_DEPLOYMENT_TARGET = 12.2;
				LD_RUNPATH_SEARCH_PATHS = (
					"$(inherited)",
					"@executable_path/Frameworks",
					"@loader_path/Frameworks",
				);
				PRODUCT_BUNDLE_IDENTIFIER = com.test..GuessTheCarTests;
				PRODUCT_NAME = "$(TARGET_NAME)";
				SWIFT_VERSION = 5.0;
				TARGETED_DEVICE_FAMILY = "1,2";
				TEST_HOST = "$(BUILT_PRODUCTS_DIR)/GuessTheCar.app/GuessTheCar";
			};
			name = Release;
		};
		A5830998220479CD00326ABB /* Debug */ = {
			isa = XCBuildConfiguration;
			buildSettings = {
				ALWAYS_SEARCH_USER_PATHS = NO;
				CLANG_ANALYZER_NONNULL = YES;
				CLANG_ANALYZER_NUMBER_OBJECT_CONVERSION = YES_AGGRESSIVE;
				CLANG_CXX_LANGUAGE_STANDARD = "gnu++14";
				CLANG_CXX_LIBRARY = "libc++";
				CLANG_ENABLE_MODULES = YES;
				CLANG_ENABLE_OBJC_ARC = YES;
				CLANG_ENABLE_OBJC_WEAK = YES;
				CLANG_WARN_BLOCK_CAPTURE_AUTORELEASING = YES;
				CLANG_WARN_BOOL_CONVERSION = YES;
				CLANG_WARN_COMMA = YES;
				CLANG_WARN_CONSTANT_CONVERSION = YES;
				CLANG_WARN_DEPRECATED_OBJC_IMPLEMENTATIONS = YES;
				CLANG_WARN_DIRECT_OBJC_ISA_USAGE = YES_ERROR;
				CLANG_WARN_DOCUMENTATION_COMMENTS = YES;
				CLANG_WARN_EMPTY_BODY = YES;
				CLANG_WARN_ENUM_CONVERSION = YES;
				CLANG_WARN_INFINITE_RECURSION = YES;
				CLANG_WARN_INT_CONVERSION = YES;
				CLANG_WARN_NON_LITERAL_NULL_CONVERSION = YES;
				CLANG_WARN_OBJC_IMPLICIT_RETAIN_SELF = YES;
				CLANG_WARN_OBJC_LITERAL_CONVERSION = YES;
				CLANG_WARN_OBJC_ROOT_CLASS = YES_ERROR;
				CLANG_WARN_RANGE_LOOP_ANALYSIS = YES;
				CLANG_WARN_STRICT_PROTOTYPES = YES;
				CLANG_WARN_SUSPICIOUS_MOVE = YES;
				CLANG_WARN_UNGUARDED_AVAILABILITY = YES_AGGRESSIVE;
				CLANG_WARN_UNREACHABLE_CODE = YES;
				CLANG_WARN__DUPLICATE_METHOD_MATCH = YES;
				CODE_SIGN_IDENTITY = "iPhone Developer";
				COPY_PHASE_STRIP = NO;
				DEBUG_INFORMATION_FORMAT = dwarf;
				ENABLE_STRICT_OBJC_MSGSEND = YES;
				ENABLE_TESTABILITY = YES;
				GCC_C_LANGUAGE_STANDARD = gnu11;
				GCC_DYNAMIC_NO_PIC = NO;
				GCC_NO_COMMON_BLOCKS = YES;
				GCC_OPTIMIZATION_LEVEL = 0;
				GCC_PREPROCESSOR_DEFINITIONS = (
					"DEBUG=1",
					"$(inherited)",
				);
				GCC_WARN_64_TO_32_BIT_CONVERSION = YES;
				GCC_WARN_ABOUT_RETURN_TYPE = YES_ERROR;
				GCC_WARN_UNDECLARED_SELECTOR = YES;
				GCC_WARN_UNINITIALIZED_AUTOS = YES_AGGRESSIVE;
				GCC_WARN_UNUSED_FUNCTION = YES;
				GCC_WARN_UNUSED_VARIABLE = YES;
				IPHONEOS_DEPLOYMENT_TARGET = 12.1;
				MTL_ENABLE_DEBUG_INFO = INCLUDE_SOURCE;
				MTL_FAST_MATH = YES;
				ONLY_ACTIVE_ARCH = YES;
				SDKROOT = iphoneos;
				SWIFT_ACTIVE_COMPILATION_CONDITIONS = DEBUG;
				SWIFT_OPTIMIZATION_LEVEL = "-Onone";
			};
			name = Debug;
		};
		A5830999220479CD00326ABB /* Release */ = {
			isa = XCBuildConfiguration;
			buildSettings = {
				ALWAYS_SEARCH_USER_PATHS = NO;
				CLANG_ANALYZER_NONNULL = YES;
				CLANG_ANALYZER_NUMBER_OBJECT_CONVERSION = YES_AGGRESSIVE;
				CLANG_CXX_LANGUAGE_STANDARD = "gnu++14";
				CLANG_CXX_LIBRARY = "libc++";
				CLANG_ENABLE_MODULES = YES;
				CLANG_ENABLE_OBJC_ARC = YES;
				CLANG_ENABLE_OBJC_WEAK = YES;
				CLANG_WARN_BLOCK_CAPTURE_AUTORELEASING = YES;
				CLANG_WARN_BOOL_CONVERSION = YES;
				CLANG_WARN_COMMA = YES;
				CLANG_WARN_CONSTANT_CONVERSION = YES;
				CLANG_WARN_DEPRECATED_OBJC_IMPLEMENTATIONS = YES;
				CLANG_WARN_DIRECT_OBJC_ISA_USAGE = YES_ERROR;
				CLANG_WARN_DOCUMENTATION_COMMENTS = YES;
				CLANG_WARN_EMPTY_BODY = YES;
				CLANG_WARN_ENUM_CONVERSION = YES;
				CLANG_WARN_INFINITE_RECURSION = YES;
				CLANG_WARN_INT_CONVERSION = YES;
				CLANG_WARN_NON_LITERAL_NULL_CONVERSION = YES;
				CLANG_WARN_OBJC_IMPLICIT_RETAIN_SELF = YES;
				CLANG_WARN_OBJC_LITERAL_CONVERSION = YES;
				CLANG_WARN_OBJC_ROOT_CLASS = YES_ERROR;
				CLANG_WARN_RANGE_LOOP_ANALYSIS = YES;
				CLANG_WARN_STRICT_PROTOTYPES = YES;
				CLANG_WARN_SUSPICIOUS_MOVE = YES;
				CLANG_WARN_UNGUARDED_AVAILABILITY = YES_AGGRESSIVE;
				CLANG_WARN_UNREACHABLE_CODE = YES;
				CLANG_WARN__DUPLICATE_METHOD_MATCH = YES;
				CODE_SIGN_IDENTITY = "iPhone Developer";
				COPY_PHASE_STRIP = NO;
				DEBUG_INFORMATION_FORMAT = "dwarf-with-dsym";
				ENABLE_NS_ASSERTIONS = NO;
				ENABLE_STRICT_OBJC_MSGSEND = YES;
				GCC_C_LANGUAGE_STANDARD = gnu11;
				GCC_NO_COMMON_BLOCKS = YES;
				GCC_WARN_64_TO_32_BIT_CONVERSION = YES;
				GCC_WARN_ABOUT_RETURN_TYPE = YES_ERROR;
				GCC_WARN_UNDECLARED_SELECTOR = YES;
				GCC_WARN_UNINITIALIZED_AUTOS = YES_AGGRESSIVE;
				GCC_WARN_UNUSED_FUNCTION = YES;
				GCC_WARN_UNUSED_VARIABLE = YES;
				IPHONEOS_DEPLOYMENT_TARGET = 12.1;
				MTL_ENABLE_DEBUG_INFO = NO;
				MTL_FAST_MATH = YES;
				SDKROOT = iphoneos;
				SWIFT_COMPILATION_MODE = wholemodule;
				SWIFT_OPTIMIZATION_LEVEL = "-O";
				VALIDATE_PRODUCT = YES;
			};
			name = Release;
		};
		A583099B220479CD00326ABB /* Debug */ = {
			isa = XCBuildConfiguration;
			baseConfigurationReference = F203CCAC6517ED1885A02FA5 /* Pods-GuessTheCar.debug.xcconfig */;
			buildSettings = {
				ASSETCATALOG_COMPILER_APPICON_NAME = AppIcon;
				CODE_SIGN_STYLE = Automatic;
				DEVELOPMENT_TEAM = 9CSPGX38AJ;
				INFOPLIST_FILE = GuessTheCar/Info.plist;
				IPHONEOS_DEPLOYMENT_TARGET = 11.0;
				LD_RUNPATH_SEARCH_PATHS = (
					"$(inherited)",
					"@executable_path/Frameworks",
				);
				PRODUCT_BUNDLE_IDENTIFIER = com.test..GuessTheCar;
				PRODUCT_NAME = "$(TARGET_NAME)";
				SWIFT_VERSION = 5.0;
				TARGETED_DEVICE_FAMILY = 1;
			};
			name = Debug;
		};
		A583099C220479CD00326ABB /* Release */ = {
			isa = XCBuildConfiguration;
			baseConfigurationReference = E1A051B59AD9100564F3717D /* Pods-GuessTheCar.release.xcconfig */;
			buildSettings = {
				ASSETCATALOG_COMPILER_APPICON_NAME = AppIcon;
				CODE_SIGN_STYLE = Automatic;
				DEVELOPMENT_TEAM = 9CSPGX38AJ;
				INFOPLIST_FILE = GuessTheCar/Info.plist;
				IPHONEOS_DEPLOYMENT_TARGET = 11.0;
				LD_RUNPATH_SEARCH_PATHS = (
					"$(inherited)",
					"@executable_path/Frameworks",
				);
				PRODUCT_BUNDLE_IDENTIFIER = com.test..GuessTheCar;
				PRODUCT_NAME = "$(TARGET_NAME)";
				SWIFT_VERSION = 5.0;
				TARGETED_DEVICE_FAMILY = 1;
			};
			name = Release;
		};
/* End XCBuildConfiguration section */

/* Begin XCConfigurationList section */
		A5516197226B90AB00273E29 /* Build configuration list for PBXNativeTarget "GuessTheCarUITests" */ = {
			isa = XCConfigurationList;
			buildConfigurations = (
				A5516195226B90AB00273E29 /* Debug */,
				A5516196226B90AB00273E29 /* Release */,
			);
			defaultConfigurationIsVisible = 0;
			defaultConfigurationName = Release;
		};
		A55161A3226B90BA00273E29 /* Build configuration list for PBXNativeTarget "GuessTheCarTests" */ = {
			isa = XCConfigurationList;
			buildConfigurations = (
				A55161A4226B90BA00273E29 /* Debug */,
				A55161A5226B90BA00273E29 /* Release */,
			);
			defaultConfigurationIsVisible = 0;
			defaultConfigurationName = Release;
		};
		A5830983220479CC00326ABB /* Build configuration list for PBXProject "GuessTheCar" */ = {
			isa = XCConfigurationList;
			buildConfigurations = (
				A5830998220479CD00326ABB /* Debug */,
				A5830999220479CD00326ABB /* Release */,
			);
			defaultConfigurationIsVisible = 0;
			defaultConfigurationName = Release;
		};
		A583099A220479CD00326ABB /* Build configuration list for PBXNativeTarget "GuessTheCar" */ = {
			isa = XCConfigurationList;
			buildConfigurations = (
				A583099B220479CD00326ABB /* Debug */,
				A583099C220479CD00326ABB /* Release */,
			);
			defaultConfigurationIsVisible = 0;
			defaultConfigurationName = Release;
		};
/* End XCConfigurationList section */
	};
	rootObject = A5830980220479CC00326ABB /* Project object */;
}
